// !$*UTF8*$!
{
	archiveVersion = 1;
	classes = {
	};
	objectVersion = 50;
	objects = {

/* Begin PBXBuildFile section */
		0A0D381122D7D936009EF65D /* cardflip.wav in Resources */ = {isa = PBXBuildFile; fileRef = 0A0D380D22D7D936009EF65D /* cardflip.wav */; };
		0A0D381222D7D936009EF65D /* shuffle.wav in Resources */ = {isa = PBXBuildFile; fileRef = 0A0D380E22D7D936009EF65D /* shuffle.wav */; };
		0A0D381322D7D936009EF65D /* dingwrong.wav in Resources */ = {isa = PBXBuildFile; fileRef = 0A0D380F22D7D936009EF65D /* dingwrong.wav */; };
		0A0D381422D7D936009EF65D /* dingcorrect.wav in Resources */ = {isa = PBXBuildFile; fileRef = 0A0D381022D7D936009EF65D /* dingcorrect.wav */; };
		0A0D381722D7D974009EF65D /* AVFoundation.framework in Frameworks */ = {isa = PBXBuildFile; fileRef = 0A0D381622D7D974009EF65D /* AVFoundation.framework */; };
		0A65890122D3CD9800BF02A3 /* AppDelegate.swift in Sources */ = {isa = PBXBuildFile; fileRef = 0A65890022D3CD9800BF02A3 /* AppDelegate.swift */; };
		0A65890322D3CD9800BF02A3 /* ViewController.swift in Sources */ = {isa = PBXBuildFile; fileRef = 0A65890222D3CD9800BF02A3 /* ViewController.swift */; };
		0A65890622D3CD9800BF02A3 /* Main.storyboard in Resources */ = {isa = PBXBuildFile; fileRef = 0A65890422D3CD9800BF02A3 /* Main.storyboard */; };
		0A65890822D3CD9B00BF02A3 /* Assets.xcassets in Resources */ = {isa = PBXBuildFile; fileRef = 0A65890722D3CD9B00BF02A3 /* Assets.xcassets */; };
		0A65890B22D3CD9B00BF02A3 /* LaunchScreen.storyboard in Resources */ = {isa = PBXBuildFile; fileRef = 0A65890922D3CD9B00BF02A3 /* LaunchScreen.storyboard */; };
		0A65891322D3F37F00BF02A3 /* CardModel.swift in Sources */ = {isa = PBXBuildFile; fileRef = 0A65891222D3F37F00BF02A3 /* CardModel.swift */; };
		0A65891522D3F5E700BF02A3 /* Card.swift in Sources */ = {isa = PBXBuildFile; fileRef = 0A65891422D3F5E700BF02A3 /* Card.swift */; };
		0A65891722D3FF7F00BF02A3 /* CardCollectionViewCell.swift in Sources */ = {isa = PBXBuildFile; fileRef = 0A65891622D3FF7F00BF02A3 /* CardCollectionViewCell.swift */; };
		0A65E6ED22D7F1C900A8335C /* SoundManager.swift in Sources */ = {isa = PBXBuildFile; fileRef = 0A65E6EC22D7F1C900A8335C /* SoundManager.swift */; };
		0A65E6EF22D8018F00A8335C /* youloose.wav in Resources */ = {isa = PBXBuildFile; fileRef = 0A65E6EE22D8018F00A8335C /* youloose.wav */; };
		0A65E6F122D8025D00A8335C /* youwin.wav in Resources */ = {isa = PBXBuildFile; fileRef = 0A65E6F022D8025D00A8335C /* youwin.wav */; };
/* End PBXBuildFile section */

/* Begin PBXFileReference section */
		0A0D380D22D7D936009EF65D /* cardflip.wav */ = {isa = PBXFileReference; lastKnownFileType = audio.wav; path = cardflip.wav; sourceTree = "<group>"; };
		0A0D380E22D7D936009EF65D /* shuffle.wav */ = {isa = PBXFileReference; lastKnownFileType = audio.wav; path = shuffle.wav; sourceTree = "<group>"; };
		0A0D380F22D7D936009EF65D /* dingwrong.wav */ = {isa = PBXFileReference; lastKnownFileType = audio.wav; path = dingwrong.wav; sourceTree = "<group>"; };
		0A0D381022D7D936009EF65D /* dingcorrect.wav */ = {isa = PBXFileReference; lastKnownFileType = audio.wav; path = dingcorrect.wav; sourceTree = "<group>"; };
		0A0D381622D7D974009EF65D /* AVFoundation.framework */ = {isa = PBXFileReference; lastKnownFileType = wrapper.framework; name = AVFoundation.framework; path = System/Library/Frameworks/AVFoundation.framework; sourceTree = SDKROOT; };
		0A6588FD22D3CD9800BF02A3 /* Match Cards.app */ = {isa = PBXFileReference; explicitFileType = wrapper.application; includeInIndex = 0; path = "Match Cards.app"; sourceTree = BUILT_PRODUCTS_DIR; };
		0A65890022D3CD9800BF02A3 /* AppDelegate.swift */ = {isa = PBXFileReference; lastKnownFileType = sourcecode.swift; path = AppDelegate.swift; sourceTree = "<group>"; };
		0A65890222D3CD9800BF02A3 /* ViewController.swift */ = {isa = PBXFileReference; lastKnownFileType = sourcecode.swift; path = ViewController.swift; sourceTree = "<group>"; };
		0A65890522D3CD9800BF02A3 /* Base */ = {isa = PBXFileReference; lastKnownFileType = file.storyboard; name = Base; path = Base.lproj/Main.storyboard; sourceTree = "<group>"; };
		0A65890722D3CD9B00BF02A3 /* Assets.xcassets */ = {isa = PBXFileReference; lastKnownFileType = folder.assetcatalog; path = Assets.xcassets; sourceTree = "<group>"; };
		0A65890A22D3CD9B00BF02A3 /* Base */ = {isa = PBXFileReference; lastKnownFileType = file.storyboard; name = Base; path = Base.lproj/LaunchScreen.storyboard; sourceTree = "<group>"; };
		0A65890C22D3CD9B00BF02A3 /* Info.plist */ = {isa = PBXFileReference; lastKnownFileType = text.plist.xml; path = Info.plist; sourceTree = "<group>"; };
		0A65891222D3F37F00BF02A3 /* CardModel.swift */ = {isa = PBXFileReference; lastKnownFileType = sourcecode.swift; path = CardModel.swift; sourceTree = "<group>"; };
		0A65891422D3F5E700BF02A3 /* Card.swift */ = {isa = PBXFileReference; lastKnownFileType = sourcecode.swift; path = Card.swift; sourceTree = "<group>"; };
		0A65891622D3FF7F00BF02A3 /* CardCollectionViewCell.swift */ = {isa = PBXFileReference; lastKnownFileType = sourcecode.swift; path = CardCollectionViewCell.swift; sourceTree = "<group>"; };
		0A65E6EC22D7F1C900A8335C /* SoundManager.swift */ = {isa = PBXFileReference; lastKnownFileType = sourcecode.swift; path = SoundManager.swift; sourceTree = "<group>"; };
		0A65E6EE22D8018F00A8335C /* youloose.wav */ = {isa = PBXFileReference; lastKnownFileType = audio.wav; path = youloose.wav; sourceTree = "<group>"; };
		0A65E6F022D8025D00A8335C /* youwin.wav */ = {isa = PBXFileReference; lastKnownFileType = audio.wav; path = youwin.wav; sourceTree = "<group>"; };
/* End PBXFileReference section */

/* Begin PBXFrameworksBuildPhase section */
		0A6588FA22D3CD9800BF02A3 /* Frameworks */ = {
			isa = PBXFrameworksBuildPhase;
			buildActionMask = 2147483647;
			files = (
				0A0D381722D7D974009EF65D /* AVFoundation.framework in Frameworks */,
			);
			runOnlyForDeploymentPostprocessing = 0;
		};
/* End PBXFrameworksBuildPhase section */

/* Begin PBXGroup section */
		0A0D380C22D7D8E7009EF65D /* Sounds */ = {
			isa = PBXGroup;
			children = (
				0A65E6F022D8025D00A8335C /* youwin.wav */,
				0A65E6EE22D8018F00A8335C /* youloose.wav */,
				0A0D380D22D7D936009EF65D /* cardflip.wav */,
				0A0D381022D7D936009EF65D /* dingcorrect.wav */,
				0A0D380F22D7D936009EF65D /* dingwrong.wav */,
				0A0D380E22D7D936009EF65D /* shuffle.wav */,
			);
			path = Sounds;
			sourceTree = "<group>";
		};
		0A0D381522D7D974009EF65D /* Frameworks */ = {
			isa = PBXGroup;
			children = (
				0A0D381622D7D974009EF65D /* AVFoundation.framework */,
			);
			name = Frameworks;
			sourceTree = "<group>";
		};
		0A6588F422D3CD9800BF02A3 = {
			isa = PBXGroup;
			children = (
				0A6588FF22D3CD9800BF02A3 /* Match Cards */,
				0A6588FE22D3CD9800BF02A3 /* Products */,
				0A0D381522D7D974009EF65D /* Frameworks */,
			);
			sourceTree = "<group>";
		};
		0A6588FE22D3CD9800BF02A3 /* Products */ = {
			isa = PBXGroup;
			children = (
				0A6588FD22D3CD9800BF02A3 /* Match Cards.app */,
			);
			name = Products;
			sourceTree = "<group>";
		};
		0A6588FF22D3CD9800BF02A3 /* Match Cards */ = {
			isa = PBXGroup;
			children = (
				0A0D380C22D7D8E7009EF65D /* Sounds */,
				0A65890022D3CD9800BF02A3 /* AppDelegate.swift */,
				0A65890222D3CD9800BF02A3 /* ViewController.swift */,
				0A65891222D3F37F00BF02A3 /* CardModel.swift */,
				0A65891422D3F5E700BF02A3 /* Card.swift */,
				0A65891622D3FF7F00BF02A3 /* CardCollectionViewCell.swift */,
				0A65E6EC22D7F1C900A8335C /* SoundManager.swift */,
				0A65890422D3CD9800BF02A3 /* Main.storyboard */,
				0A65890722D3CD9B00BF02A3 /* Assets.xcassets */,
				0A65890922D3CD9B00BF02A3 /* LaunchScreen.storyboard */,
				0A65890C22D3CD9B00BF02A3 /* Info.plist */,
			);
			path = "Match Cards";
			sourceTree = "<group>";
		};
/* End PBXGroup section */

/* Begin PBXNativeTarget section */
		0A6588FC22D3CD9800BF02A3 /* Match Cards */ = {
			isa = PBXNativeTarget;
			buildConfigurationList = 0A65890F22D3CD9B00BF02A3 /* Build configuration list for PBXNativeTarget "Match Cards" */;
			buildPhases = (
				0A6588F922D3CD9800BF02A3 /* Sources */,
				0A6588FA22D3CD9800BF02A3 /* Frameworks */,
				0A6588FB22D3CD9800BF02A3 /* Resources */,
			);
			buildRules = (
			);
			dependencies = (
			);
			name = "Match Cards";
			productName = "Match Cards";
			productReference = 0A6588FD22D3CD9800BF02A3 /* Match Cards.app */;
			productType = "com.apple.product-type.application";
		};
/* End PBXNativeTarget section */

/* Begin PBXProject section */
		0A6588F522D3CD9800BF02A3 /* Project object */ = {
			isa = PBXProject;
			attributes = {
				LastSwiftUpdateCheck = 1020;
				LastUpgradeCheck = 1020;
				ORGANIZATIONNAME = "Kevin Torres";
				TargetAttributes = {
					0A6588FC22D3CD9800BF02A3 = {
						CreatedOnToolsVersion = 10.2.1;
					};
				};
			};
			buildConfigurationList = 0A6588F822D3CD9800BF02A3 /* Build configuration list for PBXProject "Match Cards" */;
			compatibilityVersion = "Xcode 9.3";
			developmentRegion = en;
			hasScannedForEncodings = 0;
			knownRegions = (
				en,
				Base,
			);
			mainGroup = 0A6588F422D3CD9800BF02A3;
			productRefGroup = 0A6588FE22D3CD9800BF02A3 /* Products */;
			projectDirPath = "";
			projectRoot = "";
			targets = (
				0A6588FC22D3CD9800BF02A3 /* Match Cards */,
			);
		};
/* End PBXProject section */

/* Begin PBXResourcesBuildPhase section */
		0A6588FB22D3CD9800BF02A3 /* Resources */ = {
			isa = PBXResourcesBuildPhase;
			buildActionMask = 2147483647;
			files = (
				0A65E6F122D8025D00A8335C /* youwin.wav in Resources */,
				0A65890B22D3CD9B00BF02A3 /* LaunchScreen.storyboard in Resources */,
				0A0D381122D7D936009EF65D /* cardflip.wav in Resources */,
				0A0D381322D7D936009EF65D /* dingwrong.wav in Resources */,
				0A65890822D3CD9B00BF02A3 /* Assets.xcassets in Resources */,
				0A65890622D3CD9800BF02A3 /* Main.storyboard in Resources */,
				0A0D381422D7D936009EF65D /* dingcorrect.wav in Resources */,
				0A0D381222D7D936009EF65D /* shuffle.wav in Resources */,
				0A65E6EF22D8018F00A8335C /* youloose.wav in Resources */,
			);
			runOnlyForDeploymentPostprocessing = 0;
		};
/* End PBXResourcesBuildPhase section */

/* Begin PBXSourcesBuildPhase section */
		0A6588F922D3CD9800BF02A3 /* Sources */ = {
			isa = PBXSourcesBuildPhase;
			buildActionMask = 2147483647;
			files = (
				0A65890322D3CD9800BF02A3 /* ViewController.swift in Sources */,
				0A65890122D3CD9800BF02A3 /* AppDelegate.swift in Sources */,
				0A65891322D3F37F00BF02A3 /* CardModel.swift in Sources */,
				0A65891722D3FF7F00BF02A3 /* CardCollectionViewCell.swift in Sources */,
				0A65891522D3F5E700BF02A3 /* Card.swift in Sources */,
				0A65E6ED22D7F1C900A8335C /* SoundManager.swift in Sources */,
			);
			runOnlyForDeploymentPostprocessing = 0;
		};
/* End PBXSourcesBuildPhase section */

/* Begin PBXVariantGroup section */
		0A65890422D3CD9800BF02A3 /* Main.storyboard */ = {
			isa = PBXVariantGroup;
			children = (
				0A65890522D3CD9800BF02A3 /* Base */,
			);
			name = Main.storyboard;
			sourceTree = "<group>";
		};
		0A65890922D3CD9B00BF02A3 /* LaunchScreen.storyboard */ = {
			isa = PBXVariantGroup;
			children = (
				0A65890A22D3CD9B00BF02A3 /* Base */,
			);
			name = LaunchScreen.storyboard;
			sourceTree = "<group>";
		};
/* End PBXVariantGroup section */

/* Begin XCBuildConfiguration section */
		0A65890D22D3CD9B00BF02A3 /* Debug */ = {
			isa = XCBuildConfiguration;
			buildSettings = {
				ALWAYS_SEARCH_USER_PATHS = NO;
				CLANG_ANALYZER_NONNULL = YES;
				CLANG_ANALYZER_NUMBER_OBJECT_CONVERSION = YES_AGGRESSIVE;
				CLANG_CXX_LANGUAGE_STANDARD = "gnu++14";
				CLANG_CXX_LIBRARY = "libc++";
				CLANG_ENABLE_MODULES = YES;
				CLANG_ENABLE_OBJC_ARC = YES;
				CLANG_ENABLE_OBJC_WEAK = YES;
				CLANG_WARN_BLOCK_CAPTURE_AUTORELEASING = YES;
				CLANG_WARN_BOOL_CONVERSION = YES;
				CLANG_WARN_COMMA = YES;
				CLANG_WARN_CONSTANT_CONVERSION = YES;
				CLANG_WARN_DEPRECATED_OBJC_IMPLEMENTATIONS = YES;
				CLANG_WARN_DIRECT_OBJC_ISA_USAGE = YES_ERROR;
				CLANG_WARN_DOCUMENTATION_COMMENTS = YES;
				CLANG_WARN_EMPTY_BODY = YES;
				CLANG_WARN_ENUM_CONVERSION = YES;
				CLANG_WARN_INFINITE_RECURSION = YES;
				CLANG_WARN_INT_CONVERSION = YES;
				CLANG_WARN_NON_LITERAL_NULL_CONVERSION = YES;
				CLANG_WARN_OBJC_IMPLICIT_RETAIN_SELF = YES;
				CLANG_WARN_OBJC_LITERAL_CONVERSION = YES;
				CLANG_WARN_OBJC_ROOT_CLASS = YES_ERROR;
				CLANG_WARN_RANGE_LOOP_ANALYSIS = YES;
				CLANG_WARN_STRICT_PROTOTYPES = YES;
				CLANG_WARN_SUSPICIOUS_MOVE = YES;
				CLANG_WARN_UNGUARDED_AVAILABILITY = YES_AGGRESSIVE;
				CLANG_WARN_UNREACHABLE_CODE = YES;
				CLANG_WARN__DUPLICATE_METHOD_MATCH = YES;
				CODE_SIGN_IDENTITY = "iPhone Developer";
				COPY_PHASE_STRIP = NO;
				DEBUG_INFORMATION_FORMAT = dwarf;
				ENABLE_STRICT_OBJC_MSGSEND = YES;
				ENABLE_TESTABILITY = YES;
				GCC_C_LANGUAGE_STANDARD = gnu11;
				GCC_DYNAMIC_NO_PIC = NO;
				GCC_NO_COMMON_BLOCKS = YES;
				GCC_OPTIMIZATION_LEVEL = 0;
				GCC_PREPROCESSOR_DEFINITIONS = (
					"DEBUG=1",
					"$(inherited)",
				);
				GCC_WARN_64_TO_32_BIT_CONVERSION = YES;
				GCC_WARN_ABOUT_RETURN_TYPE = YES_ERROR;
				GCC_WARN_UNDECLARED_SELECTOR = YES;
				GCC_WARN_UNINITIALIZED_AUTOS = YES_AGGRESSIVE;
				GCC_WARN_UNUSED_FUNCTION = YES;
				GCC_WARN_UNUSED_VARIABLE = YES;
				IPHONEOS_DEPLOYMENT_TARGET = 12.2;
				MTL_ENABLE_DEBUG_INFO = INCLUDE_SOURCE;
				MTL_FAST_MATH = YES;
				ONLY_ACTIVE_ARCH = YES;
				SDKROOT = iphoneos;
				SWIFT_ACTIVE_COMPILATION_CONDITIONS = DEBUG;
				SWIFT_OPTIMIZATION_LEVEL = "-Onone";
			};
			name = Debug;
		};
		0A65890E22D3CD9B00BF02A3 /* Release */ = {
			isa = XCBuildConfiguration;
			buildSettings = {
				ALWAYS_SEARCH_USER_PATHS = NO;
				CLANG_ANALYZER_NONNULL = YES;
				CLANG_ANALYZER_NUMBER_OBJECT_CONVERSION = YES_AGGRESSIVE;
				CLANG_CXX_LANGUAGE_STANDARD = "gnu++14";
				CLANG_CXX_LIBRARY = "libc++";
				CLANG_ENABLE_MODULES = YES;
				CLANG_ENABLE_OBJC_ARC = YES;
				CLANG_ENABLE_OBJC_WEAK = YES;
				CLANG_WARN_BLOCK_CAPTURE_AUTORELEASING = YES;
				CLANG_WARN_BOOL_CONVERSION = YES;
				CLANG_WARN_COMMA = YES;
				CLANG_WARN_CONSTANT_CONVERSION = YES;
				CLANG_WARN_DEPRECATED_OBJC_IMPLEMENTATIONS = YES;
				CLANG_WARN_DIRECT_OBJC_ISA_USAGE = YES_ERROR;
				CLANG_WARN_DOCUMENTATION_COMMENTS = YES;
				CLANG_WARN_EMPTY_BODY = YES;
				CLANG_WARN_ENUM_CONVERSION = YES;
				CLANG_WARN_INFINITE_RECURSION = YES;
				CLANG_WARN_INT_CONVERSION = YES;
				CLANG_WARN_NON_LITERAL_NULL_CONVERSION = YES;
				CLANG_WARN_OBJC_IMPLICIT_RETAIN_SELF = YES;
				CLANG_WARN_OBJC_LITERAL_CONVERSION = YES;
				CLANG_WARN_OBJC_ROOT_CLASS = YES_ERROR;
				CLANG_WARN_RANGE_LOOP_ANALYSIS = YES;
				CLANG_WARN_STRICT_PROTOTYPES = YES;
				CLANG_WARN_SUSPICIOUS_MOVE = YES;
				CLANG_WARN_UNGUARDED_AVAILABILITY = YES_AGGRESSIVE;
				CLANG_WARN_UNREACHABLE_CODE = YES;
				CLANG_WARN__DUPLICATE_METHOD_MATCH = YES;
				CODE_SIGN_IDENTITY = "iPhone Developer";
				COPY_PHASE_STRIP = NO;
				DEBUG_INFORMATION_FORMAT = "dwarf-with-dsym";
				ENABLE_NS_ASSERTIONS = NO;
				ENABLE_STRICT_OBJC_MSGSEND = YES;
				GCC_C_LANGUAGE_STANDARD = gnu11;
				GCC_NO_COMMON_BLOCKS = YES;
				GCC_WARN_64_TO_32_BIT_CONVERSION = YES;
				GCC_WARN_ABOUT_RETURN_TYPE = YES_ERROR;
				GCC_WARN_UNDECLARED_SELECTOR = YES;
				GCC_WARN_UNINITIALIZED_AUTOS = YES_AGGRESSIVE;
				GCC_WARN_UNUSED_FUNCTION = YES;
				GCC_WARN_UNUSED_VARIABLE = YES;
				IPHONEOS_DEPLOYMENT_TARGET = 12.2;
				MTL_ENABLE_DEBUG_INFO = NO;
				MTL_FAST_MATH = YES;
				SDKROOT = iphoneos;
				SWIFT_COMPILATION_MODE = wholemodule;
				SWIFT_OPTIMIZATION_LEVEL = "-O";
				VALIDATE_PRODUCT = YES;
			};
			name = Release;
		};
		0A65891022D3CD9B00BF02A3 /* Debug */ = {
			isa = XCBuildConfiguration;
			buildSettings = {
				ASSETCATALOG_COMPILER_APPICON_NAME = AppIcon;
				CODE_SIGN_STYLE = Automatic;
				DEVELOPMENT_TEAM = 5L94ALP45Y;
				INFOPLIST_FILE = "Match Cards/Info.plist";
				LD_RUNPATH_SEARCH_PATHS = (
					"$(inherited)",
					"@executable_path/Frameworks",
				);
				PRODUCT_BUNDLE_IDENTIFIER = "Null.Match-Cards";
				PRODUCT_NAME = "$(TARGET_NAME)";
				SWIFT_VERSION = 5.0;
				TARGETED_DEVICE_FAMILY = "1,2";
			};
			name = Debug;
		};
		0A65891122D3CD9B00BF02A3 /* Release */ = {
			isa = XCBuildConfiguration;
			buildSettings = {
				ASSETCATALOG_COMPILER_APPICON_NAME = AppIcon;
				CODE_SIGN_STYLE = Automatic;
				DEVELOPMENT_TEAM = 5L94ALP45Y;
				INFOPLIST_FILE = "Match Cards/Info.plist";
				LD_RUNPATH_SEARCH_PATHS = (
					"$(inherited)",
					"@executable_path/Frameworks",
				);
				PRODUCT_BUNDLE_IDENTIFIER = "Null.Match-Cards";
				PRODUCT_NAME = "$(TARGET_NAME)";
				SWIFT_VERSION = 5.0;
				TARGETED_DEVICE_FAMILY = "1,2";
			};
			name = Release;
		};
/* End XCBuildConfiguration section */

/* Begin XCConfigurationList section */
		0A6588F822D3CD9800BF02A3 /* Build configuration list for PBXProject "Match Cards" */ = {
			isa = XCConfigurationList;
			buildConfigurations = (
				0A65890D22D3CD9B00BF02A3 /* Debug */,
				0A65890E22D3CD9B00BF02A3 /* Release */,
			);
			defaultConfigurationIsVisible = 0;
			defaultConfigurationName = Release;
		};
		0A65890F22D3CD9B00BF02A3 /* Build configuration list for PBXNativeTarget "Match Cards" */ = {
			isa = XCConfigurationList;
			buildConfigurations = (
				0A65891022D3CD9B00BF02A3 /* Debug */,
				0A65891122D3CD9B00BF02A3 /* Release */,
			);
			defaultConfigurationIsVisible = 0;
			defaultConfigurationName = Release;
		};
/* End XCConfigurationList section */
	};
	rootObject = 0A6588F522D3CD9800BF02A3 /* Project object */;
}
