// !$*UTF8*$!
{
	archiveVersion = 1;
	classes = {
	};
	objectVersion = 51;
	objects = {

/* Begin PBXBuildFile section */
		0A0367C524A28AE300FDD8CA /* Constants.swift in Sources */ = {isa = PBXBuildFile; fileRef = 0A0367C424A28AE300FDD8CA /* Constants.swift */; };
		0A0367C724A2919F00FDD8CA /* Message.swift in Sources */ = {isa = PBXBuildFile; fileRef = 0A0367C624A2919F00FDD8CA /* Message.swift */; };
		0A0367CA24A2985800FDD8CA /* MessageCell.swift in Sources */ = {isa = PBXBuildFile; fileRef = 0A0367C824A2985800FDD8CA /* MessageCell.swift */; };
		0A0367CB24A2985800FDD8CA /* MessageCell.xib in Resources */ = {isa = PBXBuildFile; fileRef = 0A0367C924A2985800FDD8CA /* MessageCell.xib */; };
		0A7BE0E724A14DBD002ECF78 /* RegisterViewController.swift in Sources */ = {isa = PBXBuildFile; fileRef = 0A7BE0E624A14DBD002ECF78 /* RegisterViewController.swift */; };
		0A7BE0E924A14DD1002ECF78 /* LogInViewController.swift in Sources */ = {isa = PBXBuildFile; fileRef = 0A7BE0E824A14DD1002ECF78 /* LogInViewController.swift */; };
		0A7BE0EB24A14DE1002ECF78 /* ChatViewController.swift in Sources */ = {isa = PBXBuildFile; fileRef = 0A7BE0EA24A14DE1002ECF78 /* ChatViewController.swift */; };
		0A7BE0ED24A19C92002ECF78 /* GoogleService-Info.plist in Resources */ = {isa = PBXBuildFile; fileRef = 0A7BE0EC24A19C92002ECF78 /* GoogleService-Info.plist */; };
		0A9DB39C24A028CC00EA21A0 /* README.md in Resources */ = {isa = PBXBuildFile; fileRef = 0A9DB39B24A028CC00EA21A0 /* README.md */; };
		0AB74CCF24A01BAD001419CA /* AppDelegate.swift in Sources */ = {isa = PBXBuildFile; fileRef = 0AB74CCE24A01BAD001419CA /* AppDelegate.swift */; };
		0AB74CD124A01BAD001419CA /* SceneDelegate.swift in Sources */ = {isa = PBXBuildFile; fileRef = 0AB74CD024A01BAD001419CA /* SceneDelegate.swift */; };
		0AB74CD324A01BAD001419CA /* WelcomeViewController.swift in Sources */ = {isa = PBXBuildFile; fileRef = 0AB74CD224A01BAD001419CA /* WelcomeViewController.swift */; };
		0AB74CD624A01BAD001419CA /* Main.storyboard in Resources */ = {isa = PBXBuildFile; fileRef = 0AB74CD424A01BAD001419CA /* Main.storyboard */; };
		0AB74CD824A01BAE001419CA /* Assets.xcassets in Resources */ = {isa = PBXBuildFile; fileRef = 0AB74CD724A01BAE001419CA /* Assets.xcassets */; };
		0AB74CDB24A01BAE001419CA /* LaunchScreen.storyboard in Resources */ = {isa = PBXBuildFile; fileRef = 0AB74CD924A01BAE001419CA /* LaunchScreen.storyboard */; };
		3C920A6F25662FA1C244EEC5 /* Pods_Messenger.framework in Frameworks */ = {isa = PBXBuildFile; fileRef = C078422FF8371497ECEEA8A2 /* Pods_Messenger.framework */; };
/* End PBXBuildFile section */

/* Begin PBXFileReference section */
		0A0367C424A28AE300FDD8CA /* Constants.swift */ = {isa = PBXFileReference; lastKnownFileType = sourcecode.swift; path = Constants.swift; sourceTree = "<group>"; };
		0A0367C624A2919F00FDD8CA /* Message.swift */ = {isa = PBXFileReference; lastKnownFileType = sourcecode.swift; path = Message.swift; sourceTree = "<group>"; };
		0A0367C824A2985800FDD8CA /* MessageCell.swift */ = {isa = PBXFileReference; lastKnownFileType = sourcecode.swift; path = MessageCell.swift; sourceTree = "<group>"; };
		0A0367C924A2985800FDD8CA /* MessageCell.xib */ = {isa = PBXFileReference; lastKnownFileType = file.xib; path = MessageCell.xib; sourceTree = "<group>"; };
		0A7BE0E624A14DBD002ECF78 /* RegisterViewController.swift */ = {isa = PBXFileReference; lastKnownFileType = sourcecode.swift; path = RegisterViewController.swift; sourceTree = "<group>"; };
		0A7BE0E824A14DD1002ECF78 /* LogInViewController.swift */ = {isa = PBXFileReference; lastKnownFileType = sourcecode.swift; path = LogInViewController.swift; sourceTree = "<group>"; };
		0A7BE0EA24A14DE1002ECF78 /* ChatViewController.swift */ = {isa = PBXFileReference; lastKnownFileType = sourcecode.swift; path = ChatViewController.swift; sourceTree = "<group>"; };
		0A7BE0EC24A19C92002ECF78 /* GoogleService-Info.plist */ = {isa = PBXFileReference; fileEncoding = 4; lastKnownFileType = text.plist.xml; path = "GoogleService-Info.plist"; sourceTree = "<group>"; };
		0A9DB39B24A028CC00EA21A0 /* README.md */ = {isa = PBXFileReference; lastKnownFileType = net.daringfireball.markdown; path = README.md; sourceTree = SOURCE_ROOT; };
		0AB74CCB24A01BAD001419CA /* Messenger.app */ = {isa = PBXFileReference; explicitFileType = wrapper.application; includeInIndex = 0; path = Messenger.app; sourceTree = BUILT_PRODUCTS_DIR; };
		0AB74CCE24A01BAD001419CA /* AppDelegate.swift */ = {isa = PBXFileReference; lastKnownFileType = sourcecode.swift; path = AppDelegate.swift; sourceTree = "<group>"; };
		0AB74CD024A01BAD001419CA /* SceneDelegate.swift */ = {isa = PBXFileReference; lastKnownFileType = sourcecode.swift; path = SceneDelegate.swift; sourceTree = "<group>"; };
		0AB74CD224A01BAD001419CA /* WelcomeViewController.swift */ = {isa = PBXFileReference; lastKnownFileType = sourcecode.swift; path = WelcomeViewController.swift; sourceTree = "<group>"; };
		0AB74CD524A01BAD001419CA /* Base */ = {isa = PBXFileReference; lastKnownFileType = file.storyboard; name = Base; path = Base.lproj/Main.storyboard; sourceTree = "<group>"; };
		0AB74CD724A01BAE001419CA /* Assets.xcassets */ = {isa = PBXFileReference; lastKnownFileType = folder.assetcatalog; path = Assets.xcassets; sourceTree = "<group>"; };
		0AB74CDA24A01BAE001419CA /* Base */ = {isa = PBXFileReference; lastKnownFileType = file.storyboard; name = Base; path = Base.lproj/LaunchScreen.storyboard; sourceTree = "<group>"; };
		0AB74CDC24A01BAE001419CA /* Info.plist */ = {isa = PBXFileReference; lastKnownFileType = text.plist.xml; path = Info.plist; sourceTree = "<group>"; };
		94B7F81A70AAA6929D43DC4E /* Pods-Messenger.release.xcconfig */ = {isa = PBXFileReference; includeInIndex = 1; lastKnownFileType = text.xcconfig; name = "Pods-Messenger.release.xcconfig"; path = "Target Support Files/Pods-Messenger/Pods-Messenger.release.xcconfig"; sourceTree = "<group>"; };
		BE821F44A572FAAEF6AEA15C /* Pods-Messenger.debug.xcconfig */ = {isa = PBXFileReference; includeInIndex = 1; lastKnownFileType = text.xcconfig; name = "Pods-Messenger.debug.xcconfig"; path = "Target Support Files/Pods-Messenger/Pods-Messenger.debug.xcconfig"; sourceTree = "<group>"; };
		C078422FF8371497ECEEA8A2 /* Pods_Messenger.framework */ = {isa = PBXFileReference; explicitFileType = wrapper.framework; includeInIndex = 0; path = Pods_Messenger.framework; sourceTree = BUILT_PRODUCTS_DIR; };
/* End PBXFileReference section */

/* Begin PBXFrameworksBuildPhase section */
		0AB74CC824A01BAD001419CA /* Frameworks */ = {
			isa = PBXFrameworksBuildPhase;
			buildActionMask = 2147483647;
			files = (
				3C920A6F25662FA1C244EEC5 /* Pods_Messenger.framework in Frameworks */,
			);
			runOnlyForDeploymentPostprocessing = 0;
		};
/* End PBXFrameworksBuildPhase section */

/* Begin PBXGroup section */
		0A9DB39D24A0291A00EA21A0 /* Models */ = {
			isa = PBXGroup;
			children = (
				0A0367C624A2919F00FDD8CA /* Message.swift */,
			);
			path = Models;
			sourceTree = "<group>";
		};
		0A9DB39E24A0292300EA21A0 /* Views */ = {
			isa = PBXGroup;
			children = (
				0AB74CD424A01BAD001419CA /* Main.storyboard */,
				0A0367C824A2985800FDD8CA /* MessageCell.swift */,
				0A0367C924A2985800FDD8CA /* MessageCell.xib */,
			);
			path = Views;
			sourceTree = "<group>";
		};
		0A9DB39F24A0292B00EA21A0 /* Controllers */ = {
			isa = PBXGroup;
			children = (
				0AB74CD224A01BAD001419CA /* WelcomeViewController.swift */,
				0A7BE0E624A14DBD002ECF78 /* RegisterViewController.swift */,
				0A7BE0E824A14DD1002ECF78 /* LogInViewController.swift */,
				0A7BE0EA24A14DE1002ECF78 /* ChatViewController.swift */,
			);
			path = Controllers;
			sourceTree = "<group>";
		};
		0AB74CC224A01BAC001419CA = {
			isa = PBXGroup;
			children = (
				0A9DB39B24A028CC00EA21A0 /* README.md */,
				0AB74CCD24A01BAD001419CA /* Messenger */,
				0AB74CCC24A01BAD001419CA /* Products */,
				DCC1058D8761E99D58CCE3D6 /* Pods */,
				6128965CD770B8DB4485792B /* Frameworks */,
			);
			sourceTree = "<group>";
		};
		0AB74CCC24A01BAD001419CA /* Products */ = {
			isa = PBXGroup;
			children = (
				0AB74CCB24A01BAD001419CA /* Messenger.app */,
			);
			name = Products;
			sourceTree = "<group>";
		};
		0AB74CCD24A01BAD001419CA /* Messenger */ = {
			isa = PBXGroup;
			children = (
				0AB74CCE24A01BAD001419CA /* AppDelegate.swift */,
				0AB74CD024A01BAD001419CA /* SceneDelegate.swift */,
				0A0367C424A28AE300FDD8CA /* Constants.swift */,
				0A9DB39F24A0292B00EA21A0 /* Controllers */,
				0A9DB39E24A0292300EA21A0 /* Views */,
				0A9DB39D24A0291A00EA21A0 /* Models */,
				0AB74CD724A01BAE001419CA /* Assets.xcassets */,
				0AB74CD924A01BAE001419CA /* LaunchScreen.storyboard */,
				0AB74CDC24A01BAE001419CA /* Info.plist */,
				0A7BE0EC24A19C92002ECF78 /* GoogleService-Info.plist */,
			);
			path = Messenger;
			sourceTree = "<group>";
		};
		6128965CD770B8DB4485792B /* Frameworks */ = {
			isa = PBXGroup;
			children = (
				C078422FF8371497ECEEA8A2 /* Pods_Messenger.framework */,
			);
			name = Frameworks;
			sourceTree = "<group>";
		};
		DCC1058D8761E99D58CCE3D6 /* Pods */ = {
			isa = PBXGroup;
			children = (
				BE821F44A572FAAEF6AEA15C /* Pods-Messenger.debug.xcconfig */,
				94B7F81A70AAA6929D43DC4E /* Pods-Messenger.release.xcconfig */,
			);
			path = Pods;
			sourceTree = "<group>";
		};
/* End PBXGroup section */

/* Begin PBXNativeTarget section */
		0AB74CCA24A01BAD001419CA /* Messenger */ = {
			isa = PBXNativeTarget;
			buildConfigurationList = 0AB74CDF24A01BAE001419CA /* Build configuration list for PBXNativeTarget "Messenger" */;
			buildPhases = (
				A63BF3BAFCC78692E906F84E /* [CP] Check Pods Manifest.lock */,
				0AB74CC724A01BAD001419CA /* Sources */,
				0AB74CC824A01BAD001419CA /* Frameworks */,
				0AB74CC924A01BAD001419CA /* Resources */,
				2E109243F4FD66FA1B9AAEEB /* [CP] Embed Pods Frameworks */,
			);
			buildRules = (
			);
			dependencies = (
			);
			name = Messenger;
			productName = Messenger;
			productReference = 0AB74CCB24A01BAD001419CA /* Messenger.app */;
			productType = "com.apple.product-type.application";
		};
/* End PBXNativeTarget section */

/* Begin PBXProject section */
		0AB74CC324A01BAC001419CA /* Project object */ = {
			isa = PBXProject;
			attributes = {
				LastSwiftUpdateCheck = 1150;
				LastUpgradeCheck = 1150;
				ORGANIZATIONNAME = "Kevin Torres Martínez";
				TargetAttributes = {
					0AB74CCA24A01BAD001419CA = {
						CreatedOnToolsVersion = 11.5;
					};
				};
			};
			buildConfigurationList = 0AB74CC624A01BAC001419CA /* Build configuration list for PBXProject "Messenger" */;
			compatibilityVersion = "Xcode 9.3";
			developmentRegion = en;
			hasScannedForEncodings = 0;
			knownRegions = (
				en,
				Base,
			);
			mainGroup = 0AB74CC224A01BAC001419CA;
			productRefGroup = 0AB74CCC24A01BAD001419CA /* Products */;
			projectDirPath = "";
			projectRoot = "";
			targets = (
				0AB74CCA24A01BAD001419CA /* Messenger */,
			);
		};
/* End PBXProject section */

/* Begin PBXResourcesBuildPhase section */
		0AB74CC924A01BAD001419CA /* Resources */ = {
			isa = PBXResourcesBuildPhase;
			buildActionMask = 2147483647;
			files = (
				0AB74CDB24A01BAE001419CA /* LaunchScreen.storyboard in Resources */,
				0A0367CB24A2985800FDD8CA /* MessageCell.xib in Resources */,
				0AB74CD824A01BAE001419CA /* Assets.xcassets in Resources */,
				0A7BE0ED24A19C92002ECF78 /* GoogleService-Info.plist in Resources */,
				0A9DB39C24A028CC00EA21A0 /* README.md in Resources */,
				0AB74CD624A01BAD001419CA /* Main.storyboard in Resources */,
			);
			runOnlyForDeploymentPostprocessing = 0;
		};
/* End PBXResourcesBuildPhase section */

/* Begin PBXShellScriptBuildPhase section */
		2E109243F4FD66FA1B9AAEEB /* [CP] Embed Pods Frameworks */ = {
			isa = PBXShellScriptBuildPhase;
			buildActionMask = 2147483647;
			files = (
			);
			inputFileListPaths = (
				"${PODS_ROOT}/Target Support Files/Pods-Messenger/Pods-Messenger-frameworks-${CONFIGURATION}-input-files.xcfilelist",
			);
			name = "[CP] Embed Pods Frameworks";
			outputFileListPaths = (
				"${PODS_ROOT}/Target Support Files/Pods-Messenger/Pods-Messenger-frameworks-${CONFIGURATION}-output-files.xcfilelist",
			);
			runOnlyForDeploymentPostprocessing = 0;
			shellPath = /bin/sh;
			shellScript = "\"${PODS_ROOT}/Target Support Files/Pods-Messenger/Pods-Messenger-frameworks.sh\"\n";
			showEnvVarsInLog = 0;
		};
		A63BF3BAFCC78692E906F84E /* [CP] Check Pods Manifest.lock */ = {
			isa = PBXShellScriptBuildPhase;
			buildActionMask = 2147483647;
			files = (
			);
			inputFileListPaths = (
			);
			inputPaths = (
				"${PODS_PODFILE_DIR_PATH}/Podfile.lock",
				"${PODS_ROOT}/Manifest.lock",
			);
			name = "[CP] Check Pods Manifest.lock";
			outputFileListPaths = (
			);
			outputPaths = (
				"$(DERIVED_FILE_DIR)/Pods-Messenger-checkManifestLockResult.txt",
			);
			runOnlyForDeploymentPostprocessing = 0;
			shellPath = /bin/sh;
			shellScript = "diff \"${PODS_PODFILE_DIR_PATH}/Podfile.lock\" \"${PODS_ROOT}/Manifest.lock\" > /dev/null\nif [ $? != 0 ] ; then\n    # print error to STDERR\n    echo \"error: The sandbox is not in sync with the Podfile.lock. Run 'pod install' or update your CocoaPods installation.\" >&2\n    exit 1\nfi\n# This output is used by Xcode 'outputs' to avoid re-running this script phase.\necho \"SUCCESS\" > \"${SCRIPT_OUTPUT_FILE_0}\"\n";
			showEnvVarsInLog = 0;
		};
/* End PBXShellScriptBuildPhase section */

/* Begin PBXSourcesBuildPhase section */
		0AB74CC724A01BAD001419CA /* Sources */ = {
			isa = PBXSourcesBuildPhase;
			buildActionMask = 2147483647;
			files = (
				0AB74CD324A01BAD001419CA /* WelcomeViewController.swift in Sources */,
				0AB74CCF24A01BAD001419CA /* AppDelegate.swift in Sources */,
				0A7BE0E924A14DD1002ECF78 /* LogInViewController.swift in Sources */,
				0AB74CD124A01BAD001419CA /* SceneDelegate.swift in Sources */,
				0A0367C524A28AE300FDD8CA /* Constants.swift in Sources */,
				0A0367C724A2919F00FDD8CA /* Message.swift in Sources */,
				0A7BE0EB24A14DE1002ECF78 /* ChatViewController.swift in Sources */,
				0A7BE0E724A14DBD002ECF78 /* RegisterViewController.swift in Sources */,
				0A0367CA24A2985800FDD8CA /* MessageCell.swift in Sources */,
			);
			runOnlyForDeploymentPostprocessing = 0;
		};
/* End PBXSourcesBuildPhase section */

/* Begin PBXVariantGroup section */
		0AB74CD424A01BAD001419CA /* Main.storyboard */ = {
			isa = PBXVariantGroup;
			children = (
				0AB74CD524A01BAD001419CA /* Base */,
			);
			name = Main.storyboard;
			sourceTree = "<group>";
		};
		0AB74CD924A01BAE001419CA /* LaunchScreen.storyboard */ = {
			isa = PBXVariantGroup;
			children = (
				0AB74CDA24A01BAE001419CA /* Base */,
			);
			name = LaunchScreen.storyboard;
			sourceTree = "<group>";
		};
/* End PBXVariantGroup section */

/* Begin XCBuildConfiguration section */
		0AB74CDD24A01BAE001419CA /* Debug */ = {
			isa = XCBuildConfiguration;
			buildSettings = {
				ALWAYS_SEARCH_USER_PATHS = NO;
				CLANG_ANALYZER_NONNULL = YES;
				CLANG_ANALYZER_NUMBER_OBJECT_CONVERSION = YES_AGGRESSIVE;
				CLANG_CXX_LANGUAGE_STANDARD = "gnu++14";
				CLANG_CXX_LIBRARY = "libc++";
				CLANG_ENABLE_MODULES = YES;
				CLANG_ENABLE_OBJC_ARC = YES;
				CLANG_ENABLE_OBJC_WEAK = YES;
				CLANG_WARN_BLOCK_CAPTURE_AUTORELEASING = YES;
				CLANG_WARN_BOOL_CONVERSION = YES;
				CLANG_WARN_COMMA = YES;
				CLANG_WARN_CONSTANT_CONVERSION = YES;
				CLANG_WARN_DEPRECATED_OBJC_IMPLEMENTATIONS = YES;
				CLANG_WARN_DIRECT_OBJC_ISA_USAGE = YES_ERROR;
				CLANG_WARN_DOCUMENTATION_COMMENTS = YES;
				CLANG_WARN_EMPTY_BODY = YES;
				CLANG_WARN_ENUM_CONVERSION = YES;
				CLANG_WARN_INFINITE_RECURSION = YES;
				CLANG_WARN_INT_CONVERSION = YES;
				CLANG_WARN_NON_LITERAL_NULL_CONVERSION = YES;
				CLANG_WARN_OBJC_IMPLICIT_RETAIN_SELF = YES;
				CLANG_WARN_OBJC_LITERAL_CONVERSION = YES;
				CLANG_WARN_OBJC_ROOT_CLASS = YES_ERROR;
				CLANG_WARN_RANGE_LOOP_ANALYSIS = YES;
				CLANG_WARN_STRICT_PROTOTYPES = YES;
				CLANG_WARN_SUSPICIOUS_MOVE = YES;
				CLANG_WARN_UNGUARDED_AVAILABILITY = YES_AGGRESSIVE;
				CLANG_WARN_UNREACHABLE_CODE = YES;
				CLANG_WARN__DUPLICATE_METHOD_MATCH = YES;
				COPY_PHASE_STRIP = NO;
				DEBUG_INFORMATION_FORMAT = dwarf;
				ENABLE_STRICT_OBJC_MSGSEND = YES;
				ENABLE_TESTABILITY = YES;
				GCC_C_LANGUAGE_STANDARD = gnu11;
				GCC_DYNAMIC_NO_PIC = NO;
				GCC_NO_COMMON_BLOCKS = YES;
				GCC_OPTIMIZATION_LEVEL = 0;
				GCC_PREPROCESSOR_DEFINITIONS = (
					"DEBUG=1",
					"$(inherited)",
				);
				GCC_WARN_64_TO_32_BIT_CONVERSION = YES;
				GCC_WARN_ABOUT_RETURN_TYPE = YES_ERROR;
				GCC_WARN_UNDECLARED_SELECTOR = YES;
				GCC_WARN_UNINITIALIZED_AUTOS = YES_AGGRESSIVE;
				GCC_WARN_UNUSED_FUNCTION = YES;
				GCC_WARN_UNUSED_VARIABLE = YES;
				IPHONEOS_DEPLOYMENT_TARGET = 13.5;
				MTL_ENABLE_DEBUG_INFO = INCLUDE_SOURCE;
				MTL_FAST_MATH = YES;
				ONLY_ACTIVE_ARCH = YES;
				SDKROOT = iphoneos;
				SWIFT_ACTIVE_COMPILATION_CONDITIONS = DEBUG;
				SWIFT_OPTIMIZATION_LEVEL = "-Onone";
			};
			name = Debug;
		};
		0AB74CDE24A01BAE001419CA /* Release */ = {
			isa = XCBuildConfiguration;
			buildSettings = {
				ALWAYS_SEARCH_USER_PATHS = NO;
				CLANG_ANALYZER_NONNULL = YES;
				CLANG_ANALYZER_NUMBER_OBJECT_CONVERSION = YES_AGGRESSIVE;
				CLANG_CXX_LANGUAGE_STANDARD = "gnu++14";
				CLANG_CXX_LIBRARY = "libc++";
				CLANG_ENABLE_MODULES = YES;
				CLANG_ENABLE_OBJC_ARC = YES;
				CLANG_ENABLE_OBJC_WEAK = YES;
				CLANG_WARN_BLOCK_CAPTURE_AUTORELEASING = YES;
				CLANG_WARN_BOOL_CONVERSION = YES;
				CLANG_WARN_COMMA = YES;
				CLANG_WARN_CONSTANT_CONVERSION = YES;
				CLANG_WARN_DEPRECATED_OBJC_IMPLEMENTATIONS = YES;
				CLANG_WARN_DIRECT_OBJC_ISA_USAGE = YES_ERROR;
				CLANG_WARN_DOCUMENTATION_COMMENTS = YES;
				CLANG_WARN_EMPTY_BODY = YES;
				CLANG_WARN_ENUM_CONVERSION = YES;
				CLANG_WARN_INFINITE_RECURSION = YES;
				CLANG_WARN_INT_CONVERSION = YES;
				CLANG_WARN_NON_LITERAL_NULL_CONVERSION = YES;
				CLANG_WARN_OBJC_IMPLICIT_RETAIN_SELF = YES;
				CLANG_WARN_OBJC_LITERAL_CONVERSION = YES;
				CLANG_WARN_OBJC_ROOT_CLASS = YES_ERROR;
				CLANG_WARN_RANGE_LOOP_ANALYSIS = YES;
				CLANG_WARN_STRICT_PROTOTYPES = YES;
				CLANG_WARN_SUSPICIOUS_MOVE = YES;
				CLANG_WARN_UNGUARDED_AVAILABILITY = YES_AGGRESSIVE;
				CLANG_WARN_UNREACHABLE_CODE = YES;
				CLANG_WARN__DUPLICATE_METHOD_MATCH = YES;
				COPY_PHASE_STRIP = NO;
				DEBUG_INFORMATION_FORMAT = "dwarf-with-dsym";
				ENABLE_NS_ASSERTIONS = NO;
				ENABLE_STRICT_OBJC_MSGSEND = YES;
				GCC_C_LANGUAGE_STANDARD = gnu11;
				GCC_NO_COMMON_BLOCKS = YES;
				GCC_WARN_64_TO_32_BIT_CONVERSION = YES;
				GCC_WARN_ABOUT_RETURN_TYPE = YES_ERROR;
				GCC_WARN_UNDECLARED_SELECTOR = YES;
				GCC_WARN_UNINITIALIZED_AUTOS = YES_AGGRESSIVE;
				GCC_WARN_UNUSED_FUNCTION = YES;
				GCC_WARN_UNUSED_VARIABLE = YES;
				IPHONEOS_DEPLOYMENT_TARGET = 13.5;
				MTL_ENABLE_DEBUG_INFO = NO;
				MTL_FAST_MATH = YES;
				SDKROOT = iphoneos;
				SWIFT_COMPILATION_MODE = wholemodule;
				SWIFT_OPTIMIZATION_LEVEL = "-O";
				VALIDATE_PRODUCT = YES;
			};
			name = Release;
		};
		0AB74CE024A01BAE001419CA /* Debug */ = {
			isa = XCBuildConfiguration;
			baseConfigurationReference = BE821F44A572FAAEF6AEA15C /* Pods-Messenger.debug.xcconfig */;
			buildSettings = {
				ASSETCATALOG_COMPILER_APPICON_NAME = AppIcon;
				CODE_SIGN_STYLE = Automatic;
				DEVELOPMENT_TEAM = 5L94ALP45Y;
				INFOPLIST_FILE = Messenger/Info.plist;
				LD_RUNPATH_SEARCH_PATHS = (
					"$(inherited)",
					"@executable_path/Frameworks",
				);
				PRODUCT_BUNDLE_IDENTIFIER = com.KevinTMtz.Messenger;
				PRODUCT_NAME = "$(TARGET_NAME)";
				SWIFT_VERSION = 5.0;
				TARGETED_DEVICE_FAMILY = "1,2";
			};
			name = Debug;
		};
		0AB74CE124A01BAE001419CA /* Release */ = {
			isa = XCBuildConfiguration;
			baseConfigurationReference = 94B7F81A70AAA6929D43DC4E /* Pods-Messenger.release.xcconfig */;
			buildSettings = {
				ASSETCATALOG_COMPILER_APPICON_NAME = AppIcon;
				CODE_SIGN_STYLE = Automatic;
				DEVELOPMENT_TEAM = 5L94ALP45Y;
				INFOPLIST_FILE = Messenger/Info.plist;
				LD_RUNPATH_SEARCH_PATHS = (
					"$(inherited)",
					"@executable_path/Frameworks",
				);
				PRODUCT_BUNDLE_IDENTIFIER = com.KevinTMtz.Messenger;
				PRODUCT_NAME = "$(TARGET_NAME)";
				SWIFT_VERSION = 5.0;
				TARGETED_DEVICE_FAMILY = "1,2";
			};
			name = Release;
		};
/* End XCBuildConfiguration section */

/* Begin XCConfigurationList section */
		0AB74CC624A01BAC001419CA /* Build configuration list for PBXProject "Messenger" */ = {
			isa = XCConfigurationList;
			buildConfigurations = (
				0AB74CDD24A01BAE001419CA /* Debug */,
				0AB74CDE24A01BAE001419CA /* Release */,
			);
			defaultConfigurationIsVisible = 0;
			defaultConfigurationName = Release;
		};
		0AB74CDF24A01BAE001419CA /* Build configuration list for PBXNativeTarget "Messenger" */ = {
			isa = XCConfigurationList;
			buildConfigurations = (
				0AB74CE024A01BAE001419CA /* Debug */,
				0AB74CE124A01BAE001419CA /* Release */,
			);
			defaultConfigurationIsVisible = 0;
			defaultConfigurationName = Release;
		};
/* End XCConfigurationList section */
	};
	rootObject = 0AB74CC324A01BAC001419CA /* Project object */;
}
