// !$*UTF8*$!
{
	archiveVersion = 1;
	classes = {
	};
	objectVersion = 50;
	objects = {

/* Begin PBXBuildFile section */
		0ADC6F8F249939DE00941CBD /* AppDelegate.swift in Sources */ = {isa = PBXBuildFile; fileRef = 0ADC6F8E249939DE00941CBD /* AppDelegate.swift */; };
		0ADC6F91249939DE00941CBD /* SceneDelegate.swift in Sources */ = {isa = PBXBuildFile; fileRef = 0ADC6F90249939DE00941CBD /* SceneDelegate.swift */; };
		0ADC6F93249939DE00941CBD /* FirstViewController.swift in Sources */ = {isa = PBXBuildFile; fileRef = 0ADC6F92249939DE00941CBD /* FirstViewController.swift */; };
		0ADC6F96249939DE00941CBD /* Main.storyboard in Resources */ = {isa = PBXBuildFile; fileRef = 0ADC6F94249939DE00941CBD /* Main.storyboard */; };
		0ADC6F98249939DF00941CBD /* Assets.xcassets in Resources */ = {isa = PBXBuildFile; fileRef = 0ADC6F97249939DF00941CBD /* Assets.xcassets */; };
		0ADC6F9B249939DF00941CBD /* LaunchScreen.storyboard in Resources */ = {isa = PBXBuildFile; fileRef = 0ADC6F99249939DF00941CBD /* LaunchScreen.storyboard */; };
		0ADC6FA624993BB700941CBD /* CalculatorBrain.swift in Sources */ = {isa = PBXBuildFile; fileRef = 0ADC6FA524993BB700941CBD /* CalculatorBrain.swift */; };
		0ADC6FA824993BE900941CBD /* SecondViewController.swift in Sources */ = {isa = PBXBuildFile; fileRef = 0ADC6FA724993BE900941CBD /* SecondViewController.swift */; };
		0ADC6FAB24995D5F00941CBD /* ToolBarExtension.swift in Sources */ = {isa = PBXBuildFile; fileRef = 0ADC6FAA24995D5F00941CBD /* ToolBarExtension.swift */; };
		0ADC6FAD24997C1500941CBD /* Bill.swift in Sources */ = {isa = PBXBuildFile; fileRef = 0ADC6FAC24997C1500941CBD /* Bill.swift */; };
/* End PBXBuildFile section */

/* Begin PBXFileReference section */
		0ADC6F8B249939DE00941CBD /* Tip Calculator.app */ = {isa = PBXFileReference; explicitFileType = wrapper.application; includeInIndex = 0; path = "Tip Calculator.app"; sourceTree = BUILT_PRODUCTS_DIR; };
		0ADC6F8E249939DE00941CBD /* AppDelegate.swift */ = {isa = PBXFileReference; lastKnownFileType = sourcecode.swift; path = AppDelegate.swift; sourceTree = "<group>"; };
		0ADC6F90249939DE00941CBD /* SceneDelegate.swift */ = {isa = PBXFileReference; lastKnownFileType = sourcecode.swift; path = SceneDelegate.swift; sourceTree = "<group>"; };
		0ADC6F92249939DE00941CBD /* FirstViewController.swift */ = {isa = PBXFileReference; lastKnownFileType = sourcecode.swift; path = FirstViewController.swift; sourceTree = "<group>"; };
		0ADC6F95249939DE00941CBD /* Base */ = {isa = PBXFileReference; lastKnownFileType = file.storyboard; name = Base; path = Base.lproj/Main.storyboard; sourceTree = "<group>"; };
		0ADC6F97249939DF00941CBD /* Assets.xcassets */ = {isa = PBXFileReference; lastKnownFileType = folder.assetcatalog; path = Assets.xcassets; sourceTree = "<group>"; };
		0ADC6F9A249939DF00941CBD /* Base */ = {isa = PBXFileReference; lastKnownFileType = file.storyboard; name = Base; path = Base.lproj/LaunchScreen.storyboard; sourceTree = "<group>"; };
		0ADC6F9C249939DF00941CBD /* Info.plist */ = {isa = PBXFileReference; lastKnownFileType = text.plist.xml; path = Info.plist; sourceTree = "<group>"; };
		0ADC6FA524993BB700941CBD /* CalculatorBrain.swift */ = {isa = PBXFileReference; lastKnownFileType = sourcecode.swift; path = CalculatorBrain.swift; sourceTree = "<group>"; };
		0ADC6FA724993BE900941CBD /* SecondViewController.swift */ = {isa = PBXFileReference; lastKnownFileType = sourcecode.swift; path = SecondViewController.swift; sourceTree = "<group>"; };
		0ADC6FAA24995D5F00941CBD /* ToolBarExtension.swift */ = {isa = PBXFileReference; lastKnownFileType = sourcecode.swift; path = ToolBarExtension.swift; sourceTree = "<group>"; };
		0ADC6FAC24997C1500941CBD /* Bill.swift */ = {isa = PBXFileReference; lastKnownFileType = sourcecode.swift; path = Bill.swift; sourceTree = "<group>"; };
		0ADC6FAE249984A800941CBD /* README.md */ = {isa = PBXFileReference; lastKnownFileType = net.daringfireball.markdown; path = README.md; sourceTree = "<group>"; };
/* End PBXFileReference section */

/* Begin PBXFrameworksBuildPhase section */
		0ADC6F88249939DE00941CBD /* Frameworks */ = {
			isa = PBXFrameworksBuildPhase;
			buildActionMask = 2147483647;
			files = (
			);
			runOnlyForDeploymentPostprocessing = 0;
		};
/* End PBXFrameworksBuildPhase section */

/* Begin PBXGroup section */
		0ADC6F82249939DE00941CBD = {
			isa = PBXGroup;
			children = (
				0ADC6FAE249984A800941CBD /* README.md */,
				0ADC6F8D249939DE00941CBD /* Tip Calculator */,
				0ADC6F8C249939DE00941CBD /* Products */,
			);
			sourceTree = "<group>";
		};
		0ADC6F8C249939DE00941CBD /* Products */ = {
			isa = PBXGroup;
			children = (
				0ADC6F8B249939DE00941CBD /* Tip Calculator.app */,
			);
			name = Products;
			sourceTree = "<group>";
		};
		0ADC6F8D249939DE00941CBD /* Tip Calculator */ = {
			isa = PBXGroup;
			children = (
				0ADC6F8E249939DE00941CBD /* AppDelegate.swift */,
				0ADC6F90249939DE00941CBD /* SceneDelegate.swift */,
				0ADC6FA424993B2500941CBD /* Storyboards */,
				0ADC6FA324993B1500941CBD /* ViewControllers */,
				0ADC6FA224993B0A00941CBD /* Models */,
				0ADC6FA924995C8000941CBD /* Extensions */,
				0ADC6F97249939DF00941CBD /* Assets.xcassets */,
				0ADC6F99249939DF00941CBD /* LaunchScreen.storyboard */,
				0ADC6F9C249939DF00941CBD /* Info.plist */,
			);
			path = "Tip Calculator";
			sourceTree = "<group>";
		};
		0ADC6FA224993B0A00941CBD /* Models */ = {
			isa = PBXGroup;
			children = (
				0ADC6FA524993BB700941CBD /* CalculatorBrain.swift */,
				0ADC6FAC24997C1500941CBD /* Bill.swift */,
			);
			path = Models;
			sourceTree = "<group>";
		};
		0ADC6FA324993B1500941CBD /* ViewControllers */ = {
			isa = PBXGroup;
			children = (
				0ADC6F92249939DE00941CBD /* FirstViewController.swift */,
				0ADC6FA724993BE900941CBD /* SecondViewController.swift */,
			);
			path = ViewControllers;
			sourceTree = "<group>";
		};
		0ADC6FA424993B2500941CBD /* Storyboards */ = {
			isa = PBXGroup;
			children = (
				0ADC6F94249939DE00941CBD /* Main.storyboard */,
			);
			path = Storyboards;
			sourceTree = "<group>";
		};
		0ADC6FA924995C8000941CBD /* Extensions */ = {
			isa = PBXGroup;
			children = (
				0ADC6FAA24995D5F00941CBD /* ToolBarExtension.swift */,
			);
			path = Extensions;
			sourceTree = "<group>";
		};
/* End PBXGroup section */

/* Begin PBXNativeTarget section */
		0ADC6F8A249939DE00941CBD /* Tip Calculator */ = {
			isa = PBXNativeTarget;
			buildConfigurationList = 0ADC6F9F249939DF00941CBD /* Build configuration list for PBXNativeTarget "Tip Calculator" */;
			buildPhases = (
				0ADC6F87249939DE00941CBD /* Sources */,
				0ADC6F88249939DE00941CBD /* Frameworks */,
				0ADC6F89249939DE00941CBD /* Resources */,
			);
			buildRules = (
			);
			dependencies = (
			);
			name = "Tip Calculator";
			productName = "Tip Calculator";
			productReference = 0ADC6F8B249939DE00941CBD /* Tip Calculator.app */;
			productType = "com.apple.product-type.application";
		};
/* End PBXNativeTarget section */

/* Begin PBXProject section */
		0ADC6F83249939DE00941CBD /* Project object */ = {
			isa = PBXProject;
			attributes = {
				LastSwiftUpdateCheck = 1150;
				LastUpgradeCheck = 1150;
				ORGANIZATIONNAME = "Kevin Torres Martínez";
				TargetAttributes = {
					0ADC6F8A249939DE00941CBD = {
						CreatedOnToolsVersion = 11.5;
					};
				};
			};
			buildConfigurationList = 0ADC6F86249939DE00941CBD /* Build configuration list for PBXProject "Tip Calculator" */;
			compatibilityVersion = "Xcode 9.3";
			developmentRegion = en;
			hasScannedForEncodings = 0;
			knownRegions = (
				en,
				Base,
			);
			mainGroup = 0ADC6F82249939DE00941CBD;
			productRefGroup = 0ADC6F8C249939DE00941CBD /* Products */;
			projectDirPath = "";
			projectRoot = "";
			targets = (
				0ADC6F8A249939DE00941CBD /* Tip Calculator */,
			);
		};
/* End PBXProject section */

/* Begin PBXResourcesBuildPhase section */
		0ADC6F89249939DE00941CBD /* Resources */ = {
			isa = PBXResourcesBuildPhase;
			buildActionMask = 2147483647;
			files = (
				0ADC6F9B249939DF00941CBD /* LaunchScreen.storyboard in Resources */,
				0ADC6F98249939DF00941CBD /* Assets.xcassets in Resources */,
				0ADC6F96249939DE00941CBD /* Main.storyboard in Resources */,
			);
			runOnlyForDeploymentPostprocessing = 0;
		};
/* End PBXResourcesBuildPhase section */

/* Begin PBXSourcesBuildPhase section */
		0ADC6F87249939DE00941CBD /* Sources */ = {
			isa = PBXSourcesBuildPhase;
			buildActionMask = 2147483647;
			files = (
				0ADC6F93249939DE00941CBD /* FirstViewController.swift in Sources */,
				0ADC6F8F249939DE00941CBD /* AppDelegate.swift in Sources */,
				0ADC6FA624993BB700941CBD /* CalculatorBrain.swift in Sources */,
				0ADC6FA824993BE900941CBD /* SecondViewController.swift in Sources */,
				0ADC6FAD24997C1500941CBD /* Bill.swift in Sources */,
				0ADC6F91249939DE00941CBD /* SceneDelegate.swift in Sources */,
				0ADC6FAB24995D5F00941CBD /* ToolBarExtension.swift in Sources */,
			);
			runOnlyForDeploymentPostprocessing = 0;
		};
/* End PBXSourcesBuildPhase section */

/* Begin PBXVariantGroup section */
		0ADC6F94249939DE00941CBD /* Main.storyboard */ = {
			isa = PBXVariantGroup;
			children = (
				0ADC6F95249939DE00941CBD /* Base */,
			);
			name = Main.storyboard;
			sourceTree = "<group>";
		};
		0ADC6F99249939DF00941CBD /* LaunchScreen.storyboard */ = {
			isa = PBXVariantGroup;
			children = (
				0ADC6F9A249939DF00941CBD /* Base */,
			);
			name = LaunchScreen.storyboard;
			sourceTree = "<group>";
		};
/* End PBXVariantGroup section */

/* Begin XCBuildConfiguration section */
		0ADC6F9D249939DF00941CBD /* Debug */ = {
			isa = XCBuildConfiguration;
			buildSettings = {
				ALWAYS_SEARCH_USER_PATHS = NO;
				CLANG_ANALYZER_NONNULL = YES;
				CLANG_ANALYZER_NUMBER_OBJECT_CONVERSION = YES_AGGRESSIVE;
				CLANG_CXX_LANGUAGE_STANDARD = "gnu++14";
				CLANG_CXX_LIBRARY = "libc++";
				CLANG_ENABLE_MODULES = YES;
				CLANG_ENABLE_OBJC_ARC = YES;
				CLANG_ENABLE_OBJC_WEAK = YES;
				CLANG_WARN_BLOCK_CAPTURE_AUTORELEASING = YES;
				CLANG_WARN_BOOL_CONVERSION = YES;
				CLANG_WARN_COMMA = YES;
				CLANG_WARN_CONSTANT_CONVERSION = YES;
				CLANG_WARN_DEPRECATED_OBJC_IMPLEMENTATIONS = YES;
				CLANG_WARN_DIRECT_OBJC_ISA_USAGE = YES_ERROR;
				CLANG_WARN_DOCUMENTATION_COMMENTS = YES;
				CLANG_WARN_EMPTY_BODY = YES;
				CLANG_WARN_ENUM_CONVERSION = YES;
				CLANG_WARN_INFINITE_RECURSION = YES;
				CLANG_WARN_INT_CONVERSION = YES;
				CLANG_WARN_NON_LITERAL_NULL_CONVERSION = YES;
				CLANG_WARN_OBJC_IMPLICIT_RETAIN_SELF = YES;
				CLANG_WARN_OBJC_LITERAL_CONVERSION = YES;
				CLANG_WARN_OBJC_ROOT_CLASS = YES_ERROR;
				CLANG_WARN_RANGE_LOOP_ANALYSIS = YES;
				CLANG_WARN_STRICT_PROTOTYPES = YES;
				CLANG_WARN_SUSPICIOUS_MOVE = YES;
				CLANG_WARN_UNGUARDED_AVAILABILITY = YES_AGGRESSIVE;
				CLANG_WARN_UNREACHABLE_CODE = YES;
				CLANG_WARN__DUPLICATE_METHOD_MATCH = YES;
				COPY_PHASE_STRIP = NO;
				DEBUG_INFORMATION_FORMAT = dwarf;
				ENABLE_STRICT_OBJC_MSGSEND = YES;
				ENABLE_TESTABILITY = YES;
				GCC_C_LANGUAGE_STANDARD = gnu11;
				GCC_DYNAMIC_NO_PIC = NO;
				GCC_NO_COMMON_BLOCKS = YES;
				GCC_OPTIMIZATION_LEVEL = 0;
				GCC_PREPROCESSOR_DEFINITIONS = (
					"DEBUG=1",
					"$(inherited)",
				);
				GCC_WARN_64_TO_32_BIT_CONVERSION = YES;
				GCC_WARN_ABOUT_RETURN_TYPE = YES_ERROR;
				GCC_WARN_UNDECLARED_SELECTOR = YES;
				GCC_WARN_UNINITIALIZED_AUTOS = YES_AGGRESSIVE;
				GCC_WARN_UNUSED_FUNCTION = YES;
				GCC_WARN_UNUSED_VARIABLE = YES;
				IPHONEOS_DEPLOYMENT_TARGET = 13.5;
				MTL_ENABLE_DEBUG_INFO = INCLUDE_SOURCE;
				MTL_FAST_MATH = YES;
				ONLY_ACTIVE_ARCH = YES;
				SDKROOT = iphoneos;
				SWIFT_ACTIVE_COMPILATION_CONDITIONS = DEBUG;
				SWIFT_OPTIMIZATION_LEVEL = "-Onone";
			};
			name = Debug;
		};
		0ADC6F9E249939DF00941CBD /* Release */ = {
			isa = XCBuildConfiguration;
			buildSettings = {
				ALWAYS_SEARCH_USER_PATHS = NO;
				CLANG_ANALYZER_NONNULL = YES;
				CLANG_ANALYZER_NUMBER_OBJECT_CONVERSION = YES_AGGRESSIVE;
				CLANG_CXX_LANGUAGE_STANDARD = "gnu++14";
				CLANG_CXX_LIBRARY = "libc++";
				CLANG_ENABLE_MODULES = YES;
				CLANG_ENABLE_OBJC_ARC = YES;
				CLANG_ENABLE_OBJC_WEAK = YES;
				CLANG_WARN_BLOCK_CAPTURE_AUTORELEASING = YES;
				CLANG_WARN_BOOL_CONVERSION = YES;
				CLANG_WARN_COMMA = YES;
				CLANG_WARN_CONSTANT_CONVERSION = YES;
				CLANG_WARN_DEPRECATED_OBJC_IMPLEMENTATIONS = YES;
				CLANG_WARN_DIRECT_OBJC_ISA_USAGE = YES_ERROR;
				CLANG_WARN_DOCUMENTATION_COMMENTS = YES;
				CLANG_WARN_EMPTY_BODY = YES;
				CLANG_WARN_ENUM_CONVERSION = YES;
				CLANG_WARN_INFINITE_RECURSION = YES;
				CLANG_WARN_INT_CONVERSION = YES;
				CLANG_WARN_NON_LITERAL_NULL_CONVERSION = YES;
				CLANG_WARN_OBJC_IMPLICIT_RETAIN_SELF = YES;
				CLANG_WARN_OBJC_LITERAL_CONVERSION = YES;
				CLANG_WARN_OBJC_ROOT_CLASS = YES_ERROR;
				CLANG_WARN_RANGE_LOOP_ANALYSIS = YES;
				CLANG_WARN_STRICT_PROTOTYPES = YES;
				CLANG_WARN_SUSPICIOUS_MOVE = YES;
				CLANG_WARN_UNGUARDED_AVAILABILITY = YES_AGGRESSIVE;
				CLANG_WARN_UNREACHABLE_CODE = YES;
				CLANG_WARN__DUPLICATE_METHOD_MATCH = YES;
				COPY_PHASE_STRIP = NO;
				DEBUG_INFORMATION_FORMAT = "dwarf-with-dsym";
				ENABLE_NS_ASSERTIONS = NO;
				ENABLE_STRICT_OBJC_MSGSEND = YES;
				GCC_C_LANGUAGE_STANDARD = gnu11;
				GCC_NO_COMMON_BLOCKS = YES;
				GCC_WARN_64_TO_32_BIT_CONVERSION = YES;
				GCC_WARN_ABOUT_RETURN_TYPE = YES_ERROR;
				GCC_WARN_UNDECLARED_SELECTOR = YES;
				GCC_WARN_UNINITIALIZED_AUTOS = YES_AGGRESSIVE;
				GCC_WARN_UNUSED_FUNCTION = YES;
				GCC_WARN_UNUSED_VARIABLE = YES;
				IPHONEOS_DEPLOYMENT_TARGET = 13.5;
				MTL_ENABLE_DEBUG_INFO = NO;
				MTL_FAST_MATH = YES;
				SDKROOT = iphoneos;
				SWIFT_COMPILATION_MODE = wholemodule;
				SWIFT_OPTIMIZATION_LEVEL = "-O";
				VALIDATE_PRODUCT = YES;
			};
			name = Release;
		};
		0ADC6FA0249939DF00941CBD /* Debug */ = {
			isa = XCBuildConfiguration;
			buildSettings = {
				ASSETCATALOG_COMPILER_APPICON_NAME = AppIcon;
				CODE_SIGN_STYLE = Automatic;
				DEVELOPMENT_TEAM = 5L94ALP45Y;
				INFOPLIST_FILE = "Tip Calculator/Info.plist";
				LD_RUNPATH_SEARCH_PATHS = (
					"$(inherited)",
					"@executable_path/Frameworks",
				);
				PRODUCT_BUNDLE_IDENTIFIER = "Null.Tip-Calculator";
				PRODUCT_NAME = "$(TARGET_NAME)";
				SWIFT_VERSION = 5.0;
				TARGETED_DEVICE_FAMILY = "1,2";
			};
			name = Debug;
		};
		0ADC6FA1249939DF00941CBD /* Release */ = {
			isa = XCBuildConfiguration;
			buildSettings = {
				ASSETCATALOG_COMPILER_APPICON_NAME = AppIcon;
				CODE_SIGN_STYLE = Automatic;
				DEVELOPMENT_TEAM = 5L94ALP45Y;
				INFOPLIST_FILE = "Tip Calculator/Info.plist";
				LD_RUNPATH_SEARCH_PATHS = (
					"$(inherited)",
					"@executable_path/Frameworks",
				);
				PRODUCT_BUNDLE_IDENTIFIER = "Null.Tip-Calculator";
				PRODUCT_NAME = "$(TARGET_NAME)";
				SWIFT_VERSION = 5.0;
				TARGETED_DEVICE_FAMILY = "1,2";
			};
			name = Release;
		};
/* End XCBuildConfiguration section */

/* Begin XCConfigurationList section */
		0ADC6F86249939DE00941CBD /* Build configuration list for PBXProject "Tip Calculator" */ = {
			isa = XCConfigurationList;
			buildConfigurations = (
				0ADC6F9D249939DF00941CBD /* Debug */,
				0ADC6F9E249939DF00941CBD /* Release */,
			);
			defaultConfigurationIsVisible = 0;
			defaultConfigurationName = Release;
		};
		0ADC6F9F249939DF00941CBD /* Build configuration list for PBXNativeTarget "Tip Calculator" */ = {
			isa = XCConfigurationList;
			buildConfigurations = (
				0ADC6FA0249939DF00941CBD /* Debug */,
				0ADC6FA1249939DF00941CBD /* Release */,
			);
			defaultConfigurationIsVisible = 0;
			defaultConfigurationName = Release;
		};
/* End XCConfigurationList section */
	};
	rootObject = 0ADC6F83249939DE00941CBD /* Project object */;
}
