// !$*UTF8*$!
{
	archiveVersion = 1;
	classes = {
	};
	objectVersion = 56;
	objects = {

/* Begin PBXBuildFile section */
		AEFFB0432A2804CE00A14EF5 /* AsyncImageApp.swift in Sources */ = {isa = PBXBuildFile; fileRef = AEFFB0422A2804CE00A14EF5 /* AsyncImageApp.swift */; };
		AEFFB0452A2804CE00A14EF5 /* ContentView.swift in Sources */ = {isa = PBXBuildFile; fileRef = AEFFB0442A2804CE00A14EF5 /* ContentView.swift */; };
		AEFFB0472A2804CF00A14EF5 /* Assets.xcassets in Resources */ = {isa = PBXBuildFile; fileRef = AEFFB0462A2804CF00A14EF5 /* Assets.xcassets */; };
		AEFFB04B2A2804CF00A14EF5 /* Preview Assets.xcassets in Resources */ = {isa = PBXBuildFile; fileRef = AEFFB04A2A2804CF00A14EF5 /* Preview Assets.xcassets */; };
		AEFFB0552A2804D000A14EF5 /* AsyncImageTests.swift in Sources */ = {isa = PBXBuildFile; fileRef = AEFFB0542A2804D000A14EF5 /* AsyncImageTests.swift */; };
		AEFFB05F2A2804D000A14EF5 /* AsyncImageUITests.swift in Sources */ = {isa = PBXBuildFile; fileRef = AEFFB05E2A2804D000A14EF5 /* AsyncImageUITests.swift */; };
		AEFFB0612A2804D000A14EF5 /* AsyncImageUITestsLaunchTests.swift in Sources */ = {isa = PBXBuildFile; fileRef = AEFFB0602A2804D000A14EF5 /* AsyncImageUITestsLaunchTests.swift */; };
/* End PBXBuildFile section */

/* Begin PBXContainerItemProxy section */
		AEFFB0512A2804D000A14EF5 /* PBXContainerItemProxy */ = {
			isa = PBXContainerItemProxy;
			containerPortal = AEFFB0372A2804CE00A14EF5 /* Project object */;
			proxyType = 1;
			remoteGlobalIDString = AEFFB03E2A2804CE00A14EF5;
			remoteInfo = AsyncImage;
		};
		AEFFB05B2A2804D000A14EF5 /* PBXContainerItemProxy */ = {
			isa = PBXContainerItemProxy;
			containerPortal = AEFFB0372A2804CE00A14EF5 /* Project object */;
			proxyType = 1;
			remoteGlobalIDString = AEFFB03E2A2804CE00A14EF5;
			remoteInfo = AsyncImage;
		};
/* End PBXContainerItemProxy section */

/* Begin PBXFileReference section */
		AEFFB03F2A2804CE00A14EF5 /* AsyncImage.app */ = {isa = PBXFileReference; explicitFileType = wrapper.application; includeInIndex = 0; path = AsyncImage.app; sourceTree = BUILT_PRODUCTS_DIR; };
		AEFFB0422A2804CE00A14EF5 /* AsyncImageApp.swift */ = {isa = PBXFileReference; lastKnownFileType = sourcecode.swift; path = AsyncImageApp.swift; sourceTree = "<group>"; };
		AEFFB0442A2804CE00A14EF5 /* ContentView.swift */ = {isa = PBXFileReference; lastKnownFileType = sourcecode.swift; path = ContentView.swift; sourceTree = "<group>"; };
		AEFFB0462A2804CF00A14EF5 /* Assets.xcassets */ = {isa = PBXFileReference; lastKnownFileType = folder.assetcatalog; path = Assets.xcassets; sourceTree = "<group>"; };
		AEFFB0482A2804CF00A14EF5 /* AsyncImage.entitlements */ = {isa = PBXFileReference; lastKnownFileType = text.plist.entitlements; path = AsyncImage.entitlements; sourceTree = "<group>"; };
		AEFFB04A2A2804CF00A14EF5 /* Preview Assets.xcassets */ = {isa = PBXFileReference; lastKnownFileType = folder.assetcatalog; path = "Preview Assets.xcassets"; sourceTree = "<group>"; };
		AEFFB0502A2804D000A14EF5 /* AsyncImageTests.xctest */ = {isa = PBXFileReference; explicitFileType = wrapper.cfbundle; includeInIndex = 0; path = AsyncImageTests.xctest; sourceTree = BUILT_PRODUCTS_DIR; };
		AEFFB0542A2804D000A14EF5 /* AsyncImageTests.swift */ = {isa = PBXFileReference; lastKnownFileType = sourcecode.swift; path = AsyncImageTests.swift; sourceTree = "<group>"; };
		AEFFB05A2A2804D000A14EF5 /* AsyncImageUITests.xctest */ = {isa = PBXFileReference; explicitFileType = wrapper.cfbundle; includeInIndex = 0; path = AsyncImageUITests.xctest; sourceTree = BUILT_PRODUCTS_DIR; };
		AEFFB05E2A2804D000A14EF5 /* AsyncImageUITests.swift */ = {isa = PBXFileReference; lastKnownFileType = sourcecode.swift; path = AsyncImageUITests.swift; sourceTree = "<group>"; };
		AEFFB0602A2804D000A14EF5 /* AsyncImageUITestsLaunchTests.swift */ = {isa = PBXFileReference; lastKnownFileType = sourcecode.swift; path = AsyncImageUITestsLaunchTests.swift; sourceTree = "<group>"; };
/* End PBXFileReference section */

/* Begin PBXFrameworksBuildPhase section */
		AEFFB03C2A2804CE00A14EF5 /* Frameworks */ = {
			isa = PBXFrameworksBuildPhase;
			buildActionMask = 2147483647;
			files = (
			);
			runOnlyForDeploymentPostprocessing = 0;
		};
		AEFFB04D2A2804D000A14EF5 /* Frameworks */ = {
			isa = PBXFrameworksBuildPhase;
			buildActionMask = 2147483647;
			files = (
			);
			runOnlyForDeploymentPostprocessing = 0;
		};
		AEFFB0572A2804D000A14EF5 /* Frameworks */ = {
			isa = PBXFrameworksBuildPhase;
			buildActionMask = 2147483647;
			files = (
			);
			runOnlyForDeploymentPostprocessing = 0;
		};
/* End PBXFrameworksBuildPhase section */

/* Begin PBXGroup section */
		AEFFB0362A2804CE00A14EF5 = {
			isa = PBXGroup;
			children = (
				AEFFB0412A2804CE00A14EF5 /* AsyncImage */,
				AEFFB0532A2804D000A14EF5 /* AsyncImageTests */,
				AEFFB05D2A2804D000A14EF5 /* AsyncImageUITests */,
				AEFFB0402A2804CE00A14EF5 /* Products */,
			);
			sourceTree = "<group>";
		};
		AEFFB0402A2804CE00A14EF5 /* Products */ = {
			isa = PBXGroup;
			children = (
				AEFFB03F2A2804CE00A14EF5 /* AsyncImage.app */,
				AEFFB0502A2804D000A14EF5 /* AsyncImageTests.xctest */,
				AEFFB05A2A2804D000A14EF5 /* AsyncImageUITests.xctest */,
			);
			name = Products;
			sourceTree = "<group>";
		};
		AEFFB0412A2804CE00A14EF5 /* AsyncImage */ = {
			isa = PBXGroup;
			children = (
				AEFFB0422A2804CE00A14EF5 /* AsyncImageApp.swift */,
				AEFFB0442A2804CE00A14EF5 /* ContentView.swift */,
				AEFFB0462A2804CF00A14EF5 /* Assets.xcassets */,
				AEFFB0482A2804CF00A14EF5 /* AsyncImage.entitlements */,
				AEFFB0492A2804CF00A14EF5 /* Preview Content */,
			);
			path = AsyncImage;
			sourceTree = "<group>";
		};
		AEFFB0492A2804CF00A14EF5 /* Preview Content */ = {
			isa = PBXGroup;
			children = (
				AEFFB04A2A2804CF00A14EF5 /* Preview Assets.xcassets */,
			);
			path = "Preview Content";
			sourceTree = "<group>";
		};
		AEFFB0532A2804D000A14EF5 /* AsyncImageTests */ = {
			isa = PBXGroup;
			children = (
				AEFFB0542A2804D000A14EF5 /* AsyncImageTests.swift */,
			);
			path = AsyncImageTests;
			sourceTree = "<group>";
		};
		AEFFB05D2A2804D000A14EF5 /* AsyncImageUITests */ = {
			isa = PBXGroup;
			children = (
				AEFFB05E2A2804D000A14EF5 /* AsyncImageUITests.swift */,
				AEFFB0602A2804D000A14EF5 /* AsyncImageUITestsLaunchTests.swift */,
			);
			path = AsyncImageUITests;
			sourceTree = "<group>";
		};
/* End PBXGroup section */

/* Begin PBXNativeTarget section */
		AEFFB03E2A2804CE00A14EF5 /* AsyncImage */ = {
			isa = PBXNativeTarget;
			buildConfigurationList = AEFFB0642A2804D000A14EF5 /* Build configuration list for PBXNativeTarget "AsyncImage" */;
			buildPhases = (
				AEFFB03B2A2804CE00A14EF5 /* Sources */,
				AEFFB03C2A2804CE00A14EF5 /* Frameworks */,
				AEFFB03D2A2804CE00A14EF5 /* Resources */,
			);
			buildRules = (
			);
			dependencies = (
			);
			name = AsyncImage;
			productName = AsyncImage;
			productReference = AEFFB03F2A2804CE00A14EF5 /* AsyncImage.app */;
			productType = "com.apple.product-type.application";
		};
		AEFFB04F2A2804D000A14EF5 /* AsyncImageTests */ = {
			isa = PBXNativeTarget;
			buildConfigurationList = AEFFB0672A2804D000A14EF5 /* Build configuration list for PBXNativeTarget "AsyncImageTests" */;
			buildPhases = (
				AEFFB04C2A2804D000A14EF5 /* Sources */,
				AEFFB04D2A2804D000A14EF5 /* Frameworks */,
				AEFFB04E2A2804D000A14EF5 /* Resources */,
			);
			buildRules = (
			);
			dependencies = (
				AEFFB0522A2804D000A14EF5 /* PBXTargetDependency */,
			);
			name = AsyncImageTests;
			productName = AsyncImageTests;
			productReference = AEFFB0502A2804D000A14EF5 /* AsyncImageTests.xctest */;
			productType = "com.apple.product-type.bundle.unit-test";
		};
		AEFFB0592A2804D000A14EF5 /* AsyncImageUITests */ = {
			isa = PBXNativeTarget;
			buildConfigurationList = AEFFB06A2A2804D000A14EF5 /* Build configuration list for PBXNativeTarget "AsyncImageUITests" */;
			buildPhases = (
				AEFFB0562A2804D000A14EF5 /* Sources */,
				AEFFB0572A2804D000A14EF5 /* Frameworks */,
				AEFFB0582A2804D000A14EF5 /* Resources */,
			);
			buildRules = (
			);
			dependencies = (
				AEFFB05C2A2804D000A14EF5 /* PBXTargetDependency */,
			);
			name = AsyncImageUITests;
			productName = AsyncImageUITests;
			productReference = AEFFB05A2A2804D000A14EF5 /* AsyncImageUITests.xctest */;
			productType = "com.apple.product-type.bundle.ui-testing";
		};
/* End PBXNativeTarget section */

/* Begin PBXProject section */
		AEFFB0372A2804CE00A14EF5 /* Project object */ = {
			isa = PBXProject;
			attributes = {
				BuildIndependentTargetsInParallel = 1;
				LastSwiftUpdateCheck = 1430;
				LastUpgradeCheck = 1430;
				TargetAttributes = {
					AEFFB03E2A2804CE00A14EF5 = {
						CreatedOnToolsVersion = 14.3;
					};
					AEFFB04F2A2804D000A14EF5 = {
						CreatedOnToolsVersion = 14.3;
						TestTargetID = AEFFB03E2A2804CE00A14EF5;
					};
					AEFFB0592A2804D000A14EF5 = {
						CreatedOnToolsVersion = 14.3;
						TestTargetID = AEFFB03E2A2804CE00A14EF5;
					};
				};
			};
			buildConfigurationList = AEFFB03A2A2804CE00A14EF5 /* Build configuration list for PBXProject "AsyncImage" */;
			compatibilityVersion = "Xcode 14.0";
			developmentRegion = en;
			hasScannedForEncodings = 0;
			knownRegions = (
				en,
				Base,
			);
			mainGroup = AEFFB0362A2804CE00A14EF5;
			productRefGroup = AEFFB0402A2804CE00A14EF5 /* Products */;
			projectDirPath = "";
			projectRoot = "";
			targets = (
				AEFFB03E2A2804CE00A14EF5 /* AsyncImage */,
				AEFFB04F2A2804D000A14EF5 /* AsyncImageTests */,
				AEFFB0592A2804D000A14EF5 /* AsyncImageUITests */,
			);
		};
/* End PBXProject section */

/* Begin PBXResourcesBuildPhase section */
		AEFFB03D2A2804CE00A14EF5 /* Resources */ = {
			isa = PBXResourcesBuildPhase;
			buildActionMask = 2147483647;
			files = (
				AEFFB04B2A2804CF00A14EF5 /* Preview Assets.xcassets in Resources */,
				AEFFB0472A2804CF00A14EF5 /* Assets.xcassets in Resources */,
			);
			runOnlyForDeploymentPostprocessing = 0;
		};
		AEFFB04E2A2804D000A14EF5 /* Resources */ = {
			isa = PBXResourcesBuildPhase;
			buildActionMask = 2147483647;
			files = (
			);
			runOnlyForDeploymentPostprocessing = 0;
		};
		AEFFB0582A2804D000A14EF5 /* Resources */ = {
			isa = PBXResourcesBuildPhase;
			buildActionMask = 2147483647;
			files = (
			);
			runOnlyForDeploymentPostprocessing = 0;
		};
/* End PBXResourcesBuildPhase section */

/* Begin PBXSourcesBuildPhase section */
		AEFFB03B2A2804CE00A14EF5 /* Sources */ = {
			isa = PBXSourcesBuildPhase;
			buildActionMask = 2147483647;
			files = (
				AEFFB0452A2804CE00A14EF5 /* ContentView.swift in Sources */,
				AEFFB0432A2804CE00A14EF5 /* AsyncImageApp.swift in Sources */,
			);
			runOnlyForDeploymentPostprocessing = 0;
		};
		AEFFB04C2A2804D000A14EF5 /* Sources */ = {
			isa = PBXSourcesBuildPhase;
			buildActionMask = 2147483647;
			files = (
				AEFFB0552A2804D000A14EF5 /* AsyncImageTests.swift in Sources */,
			);
			runOnlyForDeploymentPostprocessing = 0;
		};
		AEFFB0562A2804D000A14EF5 /* Sources */ = {
			isa = PBXSourcesBuildPhase;
			buildActionMask = 2147483647;
			files = (
				AEFFB05F2A2804D000A14EF5 /* AsyncImageUITests.swift in Sources */,
				AEFFB0612A2804D000A14EF5 /* AsyncImageUITestsLaunchTests.swift in Sources */,
			);
			runOnlyForDeploymentPostprocessing = 0;
		};
/* End PBXSourcesBuildPhase section */

/* Begin PBXTargetDependency section */
		AEFFB0522A2804D000A14EF5 /* PBXTargetDependency */ = {
			isa = PBXTargetDependency;
			target = AEFFB03E2A2804CE00A14EF5 /* AsyncImage */;
			targetProxy = AEFFB0512A2804D000A14EF5 /* PBXContainerItemProxy */;
		};
		AEFFB05C2A2804D000A14EF5 /* PBXTargetDependency */ = {
			isa = PBXTargetDependency;
			target = AEFFB03E2A2804CE00A14EF5 /* AsyncImage */;
			targetProxy = AEFFB05B2A2804D000A14EF5 /* PBXContainerItemProxy */;
		};
/* End PBXTargetDependency section */

/* Begin XCBuildConfiguration section */
		AEFFB0622A2804D000A14EF5 /* Debug */ = {
			isa = XCBuildConfiguration;
			buildSettings = {
				ALWAYS_SEARCH_USER_PATHS = NO;
				CLANG_ANALYZER_NONNULL = YES;
				CLANG_ANALYZER_NUMBER_OBJECT_CONVERSION = YES_AGGRESSIVE;
				CLANG_CXX_LANGUAGE_STANDARD = "gnu++20";
				CLANG_ENABLE_MODULES = YES;
				CLANG_ENABLE_OBJC_ARC = YES;
				CLANG_ENABLE_OBJC_WEAK = YES;
				CLANG_WARN_BLOCK_CAPTURE_AUTORELEASING = YES;
				CLANG_WARN_BOOL_CONVERSION = YES;
				CLANG_WARN_COMMA = YES;
				CLANG_WARN_CONSTANT_CONVERSION = YES;
				CLANG_WARN_DEPRECATED_OBJC_IMPLEMENTATIONS = YES;
				CLANG_WARN_DIRECT_OBJC_ISA_USAGE = YES_ERROR;
				CLANG_WARN_DOCUMENTATION_COMMENTS = YES;
				CLANG_WARN_EMPTY_BODY = YES;
				CLANG_WARN_ENUM_CONVERSION = YES;
				CLANG_WARN_INFINITE_RECURSION = YES;
				CLANG_WARN_INT_CONVERSION = YES;
				CLANG_WARN_NON_LITERAL_NULL_CONVERSION = YES;
				CLANG_WARN_OBJC_IMPLICIT_RETAIN_SELF = YES;
				CLANG_WARN_OBJC_LITERAL_CONVERSION = YES;
				CLANG_WARN_OBJC_ROOT_CLASS = YES_ERROR;
				CLANG_WARN_QUOTED_INCLUDE_IN_FRAMEWORK_HEADER = YES;
				CLANG_WARN_RANGE_LOOP_ANALYSIS = YES;
				CLANG_WARN_STRICT_PROTOTYPES = YES;
				CLANG_WARN_SUSPICIOUS_MOVE = YES;
				CLANG_WARN_UNGUARDED_AVAILABILITY = YES_AGGRESSIVE;
				CLANG_WARN_UNREACHABLE_CODE = YES;
				CLANG_WARN__DUPLICATE_METHOD_MATCH = YES;
				COPY_PHASE_STRIP = NO;
				DEBUG_INFORMATION_FORMAT = dwarf;
				ENABLE_STRICT_OBJC_MSGSEND = YES;
				ENABLE_TESTABILITY = YES;
				GCC_C_LANGUAGE_STANDARD = gnu11;
				GCC_DYNAMIC_NO_PIC = NO;
				GCC_NO_COMMON_BLOCKS = YES;
				GCC_OPTIMIZATION_LEVEL = 0;
				GCC_PREPROCESSOR_DEFINITIONS = (
					"DEBUG=1",
					"$(inherited)",
				);
				GCC_WARN_64_TO_32_BIT_CONVERSION = YES;
				GCC_WARN_ABOUT_RETURN_TYPE = YES_ERROR;
				GCC_WARN_UNDECLARED_SELECTOR = YES;
				GCC_WARN_UNINITIALIZED_AUTOS = YES_AGGRESSIVE;
				GCC_WARN_UNUSED_FUNCTION = YES;
				GCC_WARN_UNUSED_VARIABLE = YES;
				MTL_ENABLE_DEBUG_INFO = INCLUDE_SOURCE;
				MTL_FAST_MATH = YES;
				ONLY_ACTIVE_ARCH = YES;
				SWIFT_ACTIVE_COMPILATION_CONDITIONS = DEBUG;
				SWIFT_OPTIMIZATION_LEVEL = "-Onone";
			};
			name = Debug;
		};
		AEFFB0632A2804D000A14EF5 /* Release */ = {
			isa = XCBuildConfiguration;
			buildSettings = {
				ALWAYS_SEARCH_USER_PATHS = NO;
				CLANG_ANALYZER_NONNULL = YES;
				CLANG_ANALYZER_NUMBER_OBJECT_CONVERSION = YES_AGGRESSIVE;
				CLANG_CXX_LANGUAGE_STANDARD = "gnu++20";
				CLANG_ENABLE_MODULES = YES;
				CLANG_ENABLE_OBJC_ARC = YES;
				CLANG_ENABLE_OBJC_WEAK = YES;
				CLANG_WARN_BLOCK_CAPTURE_AUTORELEASING = YES;
				CLANG_WARN_BOOL_CONVERSION = YES;
				CLANG_WARN_COMMA = YES;
				CLANG_WARN_CONSTANT_CONVERSION = YES;
				CLANG_WARN_DEPRECATED_OBJC_IMPLEMENTATIONS = YES;
				CLANG_WARN_DIRECT_OBJC_ISA_USAGE = YES_ERROR;
				CLANG_WARN_DOCUMENTATION_COMMENTS = YES;
				CLANG_WARN_EMPTY_BODY = YES;
				CLANG_WARN_ENUM_CONVERSION = YES;
				CLANG_WARN_INFINITE_RECURSION = YES;
				CLANG_WARN_INT_CONVERSION = YES;
				CLANG_WARN_NON_LITERAL_NULL_CONVERSION = YES;
				CLANG_WARN_OBJC_IMPLICIT_RETAIN_SELF = YES;
				CLANG_WARN_OBJC_LITERAL_CONVERSION = YES;
				CLANG_WARN_OBJC_ROOT_CLASS = YES_ERROR;
				CLANG_WARN_QUOTED_INCLUDE_IN_FRAMEWORK_HEADER = YES;
				CLANG_WARN_RANGE_LOOP_ANALYSIS = YES;
				CLANG_WARN_STRICT_PROTOTYPES = YES;
				CLANG_WARN_SUSPICIOUS_MOVE = YES;
				CLANG_WARN_UNGUARDED_AVAILABILITY = YES_AGGRESSIVE;
				CLANG_WARN_UNREACHABLE_CODE = YES;
				CLANG_WARN__DUPLICATE_METHOD_MATCH = YES;
				COPY_PHASE_STRIP = NO;
				DEBUG_INFORMATION_FORMAT = "dwarf-with-dsym";
				ENABLE_NS_ASSERTIONS = NO;
				ENABLE_STRICT_OBJC_MSGSEND = YES;
				GCC_C_LANGUAGE_STANDARD = gnu11;
				GCC_NO_COMMON_BLOCKS = YES;
				GCC_WARN_64_TO_32_BIT_CONVERSION = YES;
				GCC_WARN_ABOUT_RETURN_TYPE = YES_ERROR;
				GCC_WARN_UNDECLARED_SELECTOR = YES;
				GCC_WARN_UNINITIALIZED_AUTOS = YES_AGGRESSIVE;
				GCC_WARN_UNUSED_FUNCTION = YES;
				GCC_WARN_UNUSED_VARIABLE = YES;
				MTL_ENABLE_DEBUG_INFO = NO;
				MTL_FAST_MATH = YES;
				SWIFT_COMPILATION_MODE = wholemodule;
				SWIFT_OPTIMIZATION_LEVEL = "-O";
			};
			name = Release;
		};
		AEFFB0652A2804D000A14EF5 /* Debug */ = {
			isa = XCBuildConfiguration;
			buildSettings = {
				ASSETCATALOG_COMPILER_APPICON_NAME = AppIcon;
				ASSETCATALOG_COMPILER_GLOBAL_ACCENT_COLOR_NAME = AccentColor;
				CODE_SIGN_ENTITLEMENTS = AsyncImage/AsyncImage.entitlements;
				CODE_SIGN_STYLE = Automatic;
				CURRENT_PROJECT_VERSION = 1;
				DEVELOPMENT_ASSET_PATHS = "\"AsyncImage/Preview Content\"";
				DEVELOPMENT_TEAM = 5L94ALP45Y;
				ENABLE_HARDENED_RUNTIME = YES;
				ENABLE_PREVIEWS = YES;
				GENERATE_INFOPLIST_FILE = YES;
				"INFOPLIST_KEY_UIApplicationSceneManifest_Generation[sdk=iphoneos*]" = YES;
				"INFOPLIST_KEY_UIApplicationSceneManifest_Generation[sdk=iphonesimulator*]" = YES;
				"INFOPLIST_KEY_UIApplicationSupportsIndirectInputEvents[sdk=iphoneos*]" = YES;
				"INFOPLIST_KEY_UIApplicationSupportsIndirectInputEvents[sdk=iphonesimulator*]" = YES;
				"INFOPLIST_KEY_UILaunchScreen_Generation[sdk=iphoneos*]" = YES;
				"INFOPLIST_KEY_UILaunchScreen_Generation[sdk=iphonesimulator*]" = YES;
				"INFOPLIST_KEY_UIStatusBarStyle[sdk=iphoneos*]" = UIStatusBarStyleDefault;
				"INFOPLIST_KEY_UIStatusBarStyle[sdk=iphonesimulator*]" = UIStatusBarStyleDefault;
				INFOPLIST_KEY_UISupportedInterfaceOrientations_iPad = "UIInterfaceOrientationPortrait UIInterfaceOrientationPortraitUpsideDown UIInterfaceOrientationLandscapeLeft UIInterfaceOrientationLandscapeRight";
				INFOPLIST_KEY_UISupportedInterfaceOrientations_iPhone = "UIInterfaceOrientationPortrait UIInterfaceOrientationLandscapeLeft UIInterfaceOrientationLandscapeRight";
				IPHONEOS_DEPLOYMENT_TARGET = 16.4;
				LD_RUNPATH_SEARCH_PATHS = "@executable_path/Frameworks";
				"LD_RUNPATH_SEARCH_PATHS[sdk=macosx*]" = "@executable_path/../Frameworks";
				MACOSX_DEPLOYMENT_TARGET = 13.3;
				MARKETING_VERSION = 1.0;
				PRODUCT_BUNDLE_IDENTIFIER = kevintmtz.AsyncImage;
				PRODUCT_NAME = "$(TARGET_NAME)";
				SDKROOT = auto;
				SUPPORTED_PLATFORMS = "iphoneos iphonesimulator macosx";
				SWIFT_EMIT_LOC_STRINGS = YES;
				SWIFT_VERSION = 5.0;
				TARGETED_DEVICE_FAMILY = "1,2";
			};
			name = Debug;
		};
		AEFFB0662A2804D000A14EF5 /* Release */ = {
			isa = XCBuildConfiguration;
			buildSettings = {
				ASSETCATALOG_COMPILER_APPICON_NAME = AppIcon;
				ASSETCATALOG_COMPILER_GLOBAL_ACCENT_COLOR_NAME = AccentColor;
				CODE_SIGN_ENTITLEMENTS = AsyncImage/AsyncImage.entitlements;
				CODE_SIGN_STYLE = Automatic;
				CURRENT_PROJECT_VERSION = 1;
				DEVELOPMENT_ASSET_PATHS = "\"AsyncImage/Preview Content\"";
				DEVELOPMENT_TEAM = 5L94ALP45Y;
				ENABLE_HARDENED_RUNTIME = YES;
				ENABLE_PREVIEWS = YES;
				GENERATE_INFOPLIST_FILE = YES;
				"INFOPLIST_KEY_UIApplicationSceneManifest_Generation[sdk=iphoneos*]" = YES;
				"INFOPLIST_KEY_UIApplicationSceneManifest_Generation[sdk=iphonesimulator*]" = YES;
				"INFOPLIST_KEY_UIApplicationSupportsIndirectInputEvents[sdk=iphoneos*]" = YES;
				"INFOPLIST_KEY_UIApplicationSupportsIndirectInputEvents[sdk=iphonesimulator*]" = YES;
				"INFOPLIST_KEY_UILaunchScreen_Generation[sdk=iphoneos*]" = YES;
				"INFOPLIST_KEY_UILaunchScreen_Generation[sdk=iphonesimulator*]" = YES;
				"INFOPLIST_KEY_UIStatusBarStyle[sdk=iphoneos*]" = UIStatusBarStyleDefault;
				"INFOPLIST_KEY_UIStatusBarStyle[sdk=iphonesimulator*]" = UIStatusBarStyleDefault;
				INFOPLIST_KEY_UISupportedInterfaceOrientations_iPad = "UIInterfaceOrientationPortrait UIInterfaceOrientationPortraitUpsideDown UIInterfaceOrientationLandscapeLeft UIInterfaceOrientationLandscapeRight";
				INFOPLIST_KEY_UISupportedInterfaceOrientations_iPhone = "UIInterfaceOrientationPortrait UIInterfaceOrientationLandscapeLeft UIInterfaceOrientationLandscapeRight";
				IPHONEOS_DEPLOYMENT_TARGET = 16.4;
				LD_RUNPATH_SEARCH_PATHS = "@executable_path/Frameworks";
				"LD_RUNPATH_SEARCH_PATHS[sdk=macosx*]" = "@executable_path/../Frameworks";
				MACOSX_DEPLOYMENT_TARGET = 13.3;
				MARKETING_VERSION = 1.0;
				PRODUCT_BUNDLE_IDENTIFIER = kevintmtz.AsyncImage;
				PRODUCT_NAME = "$(TARGET_NAME)";
				SDKROOT = auto;
				SUPPORTED_PLATFORMS = "iphoneos iphonesimulator macosx";
				SWIFT_EMIT_LOC_STRINGS = YES;
				SWIFT_VERSION = 5.0;
				TARGETED_DEVICE_FAMILY = "1,2";
			};
			name = Release;
		};
		AEFFB0682A2804D000A14EF5 /* Debug */ = {
			isa = XCBuildConfiguration;
			buildSettings = {
				ALWAYS_EMBED_SWIFT_STANDARD_LIBRARIES = YES;
				BUNDLE_LOADER = "$(TEST_HOST)";
				CODE_SIGN_STYLE = Automatic;
				CURRENT_PROJECT_VERSION = 1;
				DEVELOPMENT_TEAM = 5L94ALP45Y;
				GENERATE_INFOPLIST_FILE = YES;
				IPHONEOS_DEPLOYMENT_TARGET = 16.4;
				MACOSX_DEPLOYMENT_TARGET = 13.3;
				MARKETING_VERSION = 1.0;
				PRODUCT_BUNDLE_IDENTIFIER = kevintmtz.AsyncImageTests;
				PRODUCT_NAME = "$(TARGET_NAME)";
				SDKROOT = auto;
				SUPPORTED_PLATFORMS = "iphoneos iphonesimulator macosx";
				SWIFT_EMIT_LOC_STRINGS = NO;
				SWIFT_VERSION = 5.0;
				TARGETED_DEVICE_FAMILY = "1,2";
				TEST_HOST = "$(BUILT_PRODUCTS_DIR)/AsyncImage.app/$(BUNDLE_EXECUTABLE_FOLDER_PATH)/AsyncImage";
			};
			name = Debug;
		};
		AEFFB0692A2804D000A14EF5 /* Release */ = {
			isa = XCBuildConfiguration;
			buildSettings = {
				ALWAYS_EMBED_SWIFT_STANDARD_LIBRARIES = YES;
				BUNDLE_LOADER = "$(TEST_HOST)";
				CODE_SIGN_STYLE = Automatic;
				CURRENT_PROJECT_VERSION = 1;
				DEVELOPMENT_TEAM = 5L94ALP45Y;
				GENERATE_INFOPLIST_FILE = YES;
				IPHONEOS_DEPLOYMENT_TARGET = 16.4;
				MACOSX_DEPLOYMENT_TARGET = 13.3;
				MARKETING_VERSION = 1.0;
				PRODUCT_BUNDLE_IDENTIFIER = kevintmtz.AsyncImageTests;
				PRODUCT_NAME = "$(TARGET_NAME)";
				SDKROOT = auto;
				SUPPORTED_PLATFORMS = "iphoneos iphonesimulator macosx";
				SWIFT_EMIT_LOC_STRINGS = NO;
				SWIFT_VERSION = 5.0;
				TARGETED_DEVICE_FAMILY = "1,2";
				TEST_HOST = "$(BUILT_PRODUCTS_DIR)/AsyncImage.app/$(BUNDLE_EXECUTABLE_FOLDER_PATH)/AsyncImage";
			};
			name = Release;
		};
		AEFFB06B2A2804D000A14EF5 /* Debug */ = {
			isa = XCBuildConfiguration;
			buildSettings = {
				ALWAYS_EMBED_SWIFT_STANDARD_LIBRARIES = YES;
				CODE_SIGN_STYLE = Automatic;
				CURRENT_PROJECT_VERSION = 1;
				DEVELOPMENT_TEAM = 5L94ALP45Y;
				GENERATE_INFOPLIST_FILE = YES;
				IPHONEOS_DEPLOYMENT_TARGET = 16.4;
				MACOSX_DEPLOYMENT_TARGET = 13.3;
				MARKETING_VERSION = 1.0;
				PRODUCT_BUNDLE_IDENTIFIER = kevintmtz.AsyncImageUITests;
				PRODUCT_NAME = "$(TARGET_NAME)";
				SDKROOT = auto;
				SUPPORTED_PLATFORMS = "iphoneos iphonesimulator macosx";
				SWIFT_EMIT_LOC_STRINGS = NO;
				SWIFT_VERSION = 5.0;
				TARGETED_DEVICE_FAMILY = "1,2";
				TEST_TARGET_NAME = AsyncImage;
			};
			name = Debug;
		};
		AEFFB06C2A2804D000A14EF5 /* Release */ = {
			isa = XCBuildConfiguration;
			buildSettings = {
				ALWAYS_EMBED_SWIFT_STANDARD_LIBRARIES = YES;
				CODE_SIGN_STYLE = Automatic;
				CURRENT_PROJECT_VERSION = 1;
				DEVELOPMENT_TEAM = 5L94ALP45Y;
				GENERATE_INFOPLIST_FILE = YES;
				IPHONEOS_DEPLOYMENT_TARGET = 16.4;
				MACOSX_DEPLOYMENT_TARGET = 13.3;
				MARKETING_VERSION = 1.0;
				PRODUCT_BUNDLE_IDENTIFIER = kevintmtz.AsyncImageUITests;
				PRODUCT_NAME = "$(TARGET_NAME)";
				SDKROOT = auto;
				SUPPORTED_PLATFORMS = "iphoneos iphonesimulator macosx";
				SWIFT_EMIT_LOC_STRINGS = NO;
				SWIFT_VERSION = 5.0;
				TARGETED_DEVICE_FAMILY = "1,2";
				TEST_TARGET_NAME = AsyncImage;
			};
			name = Release;
		};
/* End XCBuildConfiguration section */

/* Begin XCConfigurationList section */
		AEFFB03A2A2804CE00A14EF5 /* Build configuration list for PBXProject "AsyncImage" */ = {
			isa = XCConfigurationList;
			buildConfigurations = (
				AEFFB0622A2804D000A14EF5 /* Debug */,
				AEFFB0632A2804D000A14EF5 /* Release */,
			);
			defaultConfigurationIsVisible = 0;
			defaultConfigurationName = Release;
		};
		AEFFB0642A2804D000A14EF5 /* Build configuration list for PBXNativeTarget "AsyncImage" */ = {
			isa = XCConfigurationList;
			buildConfigurations = (
				AEFFB0652A2804D000A14EF5 /* Debug */,
				AEFFB0662A2804D000A14EF5 /* Release */,
			);
			defaultConfigurationIsVisible = 0;
			defaultConfigurationName = Release;
		};
		AEFFB0672A2804D000A14EF5 /* Build configuration list for PBXNativeTarget "AsyncImageTests" */ = {
			isa = XCConfigurationList;
			buildConfigurations = (
				AEFFB0682A2804D000A14EF5 /* Debug */,
				AEFFB0692A2804D000A14EF5 /* Release */,
			);
			defaultConfigurationIsVisible = 0;
			defaultConfigurationName = Release;
		};
		AEFFB06A2A2804D000A14EF5 /* Build configuration list for PBXNativeTarget "AsyncImageUITests" */ = {
			isa = XCConfigurationList;
			buildConfigurations = (
				AEFFB06B2A2804D000A14EF5 /* Debug */,
				AEFFB06C2A2804D000A14EF5 /* Release */,
			);
			defaultConfigurationIsVisible = 0;
			defaultConfigurationName = Release;
		};
/* End XCConfigurationList section */
	};
	rootObject = AEFFB0372A2804CE00A14EF5 /* Project object */;
}
